// !$*UTF8*$!
{
	archiveVersion = 1;
	classes = {
	};
	objectVersion = 60;
	objects = {

/* Begin PBXBuildFile section */
		FF04897A2F144F950065EF5A /* NumberOfIslands.swift in Sources */ = {isa = PBXBuildFile; fileRef = FF0489792F144F950065EF5A /* NumberOfIslands.swift */; };
		FF04897B2F144F950065EF5A /* NumberOfIslands.swift in Sources */ = {isa = PBXBuildFile; fileRef = FF0489792F144F950065EF5A /* NumberOfIslands.swift */; };
		FF0C00C92EF0CE3300C5870D /* CountNumSubsetsGivenDiff.swift in Sources */ = {isa = PBXBuildFile; fileRef = FF0C00C82EF0CE3300C5870D /* CountNumSubsetsGivenDiff.swift */; };
		FF0C00CA2EF0CE3300C5870D /* CountNumSubsetsGivenDiff.swift in Sources */ = {isa = PBXBuildFile; fileRef = FF0C00C82EF0CE3300C5870D /* CountNumSubsetsGivenDiff.swift */; };
		FF0CC8C32EE578CF00C5870D /* KnapsackRecursive.swift in Sources */ = {isa = PBXBuildFile; fileRef = FF0CC8C22EE578CF00C5870D /* KnapsackRecursive.swift */; };
		FF0CC8C42EE578CF00C5870D /* KnapsackRecursive.swift in Sources */ = {isa = PBXBuildFile; fileRef = FF0CC8C22EE578CF00C5870D /* KnapsackRecursive.swift */; };
		FF0CC8C62EE57D5400C5870D /* KnapsackRecursiveTests.swift in Sources */ = {isa = PBXBuildFile; fileRef = FF0CC8C52EE57D5400C5870D /* KnapsackRecursiveTests.swift */; };
		FF0CC8C72EE57D5400C5870D /* KnapsackRecursiveTests.swift in Sources */ = {isa = PBXBuildFile; fileRef = FF0CC8C52EE57D5400C5870D /* KnapsackRecursiveTests.swift */; };
		FF0CC8C92EE5960200C5870D /* KnapsackTopDown.swift in Sources */ = {isa = PBXBuildFile; fileRef = FF0CC8C82EE5960200C5870D /* KnapsackTopDown.swift */; };
		FF0CC8CA2EE5960200C5870D /* KnapsackTopDown.swift in Sources */ = {isa = PBXBuildFile; fileRef = FF0CC8C82EE5960200C5870D /* KnapsackTopDown.swift */; };
		FF0CC8E52EEB824D00C5870D /* LinkedListTests.swift in Sources */ = {isa = PBXBuildFile; fileRef = FF0CC8E42EEB824D00C5870D /* LinkedListTests.swift */; };
		FF0CC8E62EEB824D00C5870D /* LinkedListTests.swift in Sources */ = {isa = PBXBuildFile; fileRef = FF0CC8E42EEB824D00C5870D /* LinkedListTests.swift */; };
		FF0CC8E82EEB9D4C00C5870D /* SubsetSum.swift in Sources */ = {isa = PBXBuildFile; fileRef = FF0CC8E72EEB9D4C00C5870D /* SubsetSum.swift */; };
		FF0CC8E92EEB9D4C00C5870D /* SubsetSum.swift in Sources */ = {isa = PBXBuildFile; fileRef = FF0CC8E72EEB9D4C00C5870D /* SubsetSum.swift */; };
		FF0CC8EB2EEBA13100C5870D /* KnapsackProblemsTests.swift in Sources */ = {isa = PBXBuildFile; fileRef = FF0CC8EA2EEBA13100C5870D /* KnapsackProblemsTests.swift */; };
		FF0CC8EC2EEBA13100C5870D /* KnapsackProblemsTests.swift in Sources */ = {isa = PBXBuildFile; fileRef = FF0CC8EA2EEBA13100C5870D /* KnapsackProblemsTests.swift */; };
		FF0CC8EE2EEBD75E00C5870D /* EqualSumPartition.swift in Sources */ = {isa = PBXBuildFile; fileRef = FF0CC8ED2EEBD75E00C5870D /* EqualSumPartition.swift */; };
		FF0CC8EF2EEBD75E00C5870D /* EqualSumPartition.swift in Sources */ = {isa = PBXBuildFile; fileRef = FF0CC8ED2EEBD75E00C5870D /* EqualSumPartition.swift */; };
		FF0CC8F12EEC0EA100C5870D /* CountOfSubsetSum.swift in Sources */ = {isa = PBXBuildFile; fileRef = FF0CC8F02EEC0EA100C5870D /* CountOfSubsetSum.swift */; };
		FF0CC8F22EEC0EA100C5870D /* CountOfSubsetSum.swift in Sources */ = {isa = PBXBuildFile; fileRef = FF0CC8F02EEC0EA100C5870D /* CountOfSubsetSum.swift */; };
		FF0CC8FB2EEE350F00C5870D /* MinSubsetSumDifference.swift in Sources */ = {isa = PBXBuildFile; fileRef = FF0CC8FA2EEE350F00C5870D /* MinSubsetSumDifference.swift */; };
		FF0CC8FC2EEE350F00C5870D /* MinSubsetSumDifference.swift in Sources */ = {isa = PBXBuildFile; fileRef = FF0CC8FA2EEE350F00C5870D /* MinSubsetSumDifference.swift */; };
		FF0CC8FE2EEEB7A200C5870D /* Permutations.swift in Sources */ = {isa = PBXBuildFile; fileRef = FF0CC8FD2EEEB7A200C5870D /* Permutations.swift */; };
		FF0CC8FF2EEEB7A200C5870D /* Permutations.swift in Sources */ = {isa = PBXBuildFile; fileRef = FF0CC8FD2EEEB7A200C5870D /* Permutations.swift */; };
		FF0D98EC2E5C3F3800EED894 /* TreesProblemsTests.swift in Sources */ = {isa = PBXBuildFile; fileRef = FF0D98EB2E5C3F3800EED894 /* TreesProblemsTests.swift */; };
		FF0D98ED2E5C3F3800EED894 /* TreesProblemsTests.swift in Sources */ = {isa = PBXBuildFile; fileRef = FF0D98EB2E5C3F3800EED894 /* TreesProblemsTests.swift */; };
		FF10443D2EFE86F900BD9741 /* CoinChange-I.swift in Sources */ = {isa = PBXBuildFile; fileRef = FF10443C2EFE86F900BD9741 /* CoinChange-I.swift */; };
		FF10443E2EFE86F900BD9741 /* CoinChange-I.swift in Sources */ = {isa = PBXBuildFile; fileRef = FF10443C2EFE86F900BD9741 /* CoinChange-I.swift */; };
		FF1044402EFF39B000BD9741 /* CoinChange-II.swift in Sources */ = {isa = PBXBuildFile; fileRef = FF10443F2EFF39B000BD9741 /* CoinChange-II.swift */; };
		FF1044412EFF39B000BD9741 /* CoinChange-II.swift in Sources */ = {isa = PBXBuildFile; fileRef = FF10443F2EFF39B000BD9741 /* CoinChange-II.swift */; };
		FF1044452EFFE49800BD9741 /* CodeTemplateImpl.swift in Sources */ = {isa = PBXBuildFile; fileRef = FF1044442EFFE49800BD9741 /* CodeTemplateImpl.swift */; };
		FF1044462EFFE49800BD9741 /* CodeTemplateImpl.swift in Sources */ = {isa = PBXBuildFile; fileRef = FF1044442EFFE49800BD9741 /* CodeTemplateImpl.swift */; };
		FF1044472EFFE7C800BD9741 /* Test_DS.framework in Frameworks */ = {isa = PBXBuildFile; fileRef = FF52074A2C89869C00B140AC /* Test_DS.framework */; };
		FF1044482EFFE7C800BD9741 /* Test_DS.framework in Embed Frameworks */ = {isa = PBXBuildFile; fileRef = FF52074A2C89869C00B140AC /* Test_DS.framework */; settings = {ATTRIBUTES = (CodeSignOnCopy, RemoveHeadersOnCopy, ); }; };
		FF10444A2EFFE91400BD9741 /* Testing.framework in Frameworks */ = {isa = PBXBuildFile; fileRef = FF1818A92E0484A00054F7F8 /* Testing.framework */; };
		FF10444B2EFFE91400BD9741 /* Testing.framework in Embed Frameworks */ = {isa = PBXBuildFile; fileRef = FF1818A92E0484A00054F7F8 /* Testing.framework */; settings = {ATTRIBUTES = (CodeSignOnCopy, RemoveHeadersOnCopy, ); }; };
		FF10444F2F01100500BD9741 /* LCSRecursive.swift in Sources */ = {isa = PBXBuildFile; fileRef = FF10444E2F01100500BD9741 /* LCSRecursive.swift */; };
		FF1044502F01100500BD9741 /* LCSRecursive.swift in Sources */ = {isa = PBXBuildFile; fileRef = FF10444E2F01100500BD9741 /* LCSRecursive.swift */; };
		FF1044522F01108200BD9741 /* UnboundedKnapsackTests.swift in Sources */ = {isa = PBXBuildFile; fileRef = FF1044512F01108200BD9741 /* UnboundedKnapsackTests.swift */; };
		FF1044532F01108200BD9741 /* UnboundedKnapsackTests.swift in Sources */ = {isa = PBXBuildFile; fileRef = FF1044512F01108200BD9741 /* UnboundedKnapsackTests.swift */; };
		FF1044552F01116500BD9741 /* LCSProtocol.swift in Sources */ = {isa = PBXBuildFile; fileRef = FF1044542F01116500BD9741 /* LCSProtocol.swift */; };
		FF1044562F01116500BD9741 /* LCSProtocol.swift in Sources */ = {isa = PBXBuildFile; fileRef = FF1044542F01116500BD9741 /* LCSProtocol.swift */; };
		FF1044582F0124E700BD9741 /* LinkedListProblems.swift in Sources */ = {isa = PBXBuildFile; fileRef = FF1044572F0124E700BD9741 /* LinkedListProblems.swift */; };
		FF1044592F0124E700BD9741 /* LinkedListProblems.swift in Sources */ = {isa = PBXBuildFile; fileRef = FF1044572F0124E700BD9741 /* LinkedListProblems.swift */; };
		FF10445B2F01D98600BD9741 /* LCSProblems.swift in Sources */ = {isa = PBXBuildFile; fileRef = FF10445A2F01D98600BD9741 /* LCSProblems.swift */; };
		FF10445C2F01D98600BD9741 /* LCSProblems.swift in Sources */ = {isa = PBXBuildFile; fileRef = FF10445A2F01D98600BD9741 /* LCSProblems.swift */; };
		FF127BDD2DAD6BE700F203EF /* TwoSum.swift in Sources */ = {isa = PBXBuildFile; fileRef = FF127BDC2DAD6BE700F203EF /* TwoSum.swift */; };
		FF127BE02DAD7C8100F203EF /* ThreeSum.swift in Sources */ = {isa = PBXBuildFile; fileRef = FF127BDF2DAD7C8100F203EF /* ThreeSum.swift */; };
		FF1818A62E0482EB0054F7F8 /* Problem4.swift in Sources */ = {isa = PBXBuildFile; fileRef = FF1818A52E0482EB0054F7F8 /* Problem4.swift */; };
		FF1818A72E0482EB0054F7F8 /* Problem4.swift in Sources */ = {isa = PBXBuildFile; fileRef = FF1818A52E0482EB0054F7F8 /* Problem4.swift */; };
		FF18D0232E0218A00054F7F8 /* Problem1.swift in Sources */ = {isa = PBXBuildFile; fileRef = FF18D0222E0218A00054F7F8 /* Problem1.swift */; };
		FF18D0242E0218A00054F7F8 /* Problem1.swift in Sources */ = {isa = PBXBuildFile; fileRef = FF18D0222E0218A00054F7F8 /* Problem1.swift */; };
		FF18D0272E0287440054F7F8 /* Problem2.swift in Sources */ = {isa = PBXBuildFile; fileRef = FF18D0252E0287440054F7F8 /* Problem2.swift */; };
		FF1FC3052E24CA8200951B00 /* LinkedListNode.swift in Sources */ = {isa = PBXBuildFile; fileRef = FF1FC3042E24CA8200951B00 /* LinkedListNode.swift */; };
		FF1FC3062E24CA8200951B00 /* LinkedListNode.swift in Sources */ = {isa = PBXBuildFile; fileRef = FF1FC3042E24CA8200951B00 /* LinkedListNode.swift */; };
		FF1FC3082E24CADE00951B00 /* LinkedList.swift in Sources */ = {isa = PBXBuildFile; fileRef = FF1FC3072E24CADE00951B00 /* LinkedList.swift */; };
		FF1FC3092E24CADE00951B00 /* LinkedList.swift in Sources */ = {isa = PBXBuildFile; fileRef = FF1FC3072E24CADE00951B00 /* LinkedList.swift */; };
		FF2061CC2E9C4B0A008DA0FA /* TreeProblemsImpl.swift in Sources */ = {isa = PBXBuildFile; fileRef = FF2061CB2E9C4B0A008DA0FA /* TreeProblemsImpl.swift */; };
		FF2061CD2E9C4B0A008DA0FA /* TreeProblemsImpl.swift in Sources */ = {isa = PBXBuildFile; fileRef = FF2061CB2E9C4B0A008DA0FA /* TreeProblemsImpl.swift */; };
		FF2061CF2E9C4B3F008DA0FA /* MaxDepth.swift in Sources */ = {isa = PBXBuildFile; fileRef = FF2061CE2E9C4B3F008DA0FA /* MaxDepth.swift */; };
		FF2061D02E9C4B3F008DA0FA /* MaxDepth.swift in Sources */ = {isa = PBXBuildFile; fileRef = FF2061CE2E9C4B3F008DA0FA /* MaxDepth.swift */; };
		FF2061D22E9C4B6E008DA0FA /* DiameterOfBinaryTree.swift in Sources */ = {isa = PBXBuildFile; fileRef = FF2061D12E9C4B6E008DA0FA /* DiameterOfBinaryTree.swift */; };
		FF2061D32E9C4B6E008DA0FA /* DiameterOfBinaryTree.swift in Sources */ = {isa = PBXBuildFile; fileRef = FF2061D12E9C4B6E008DA0FA /* DiameterOfBinaryTree.swift */; };
		FF2061D52E9C4FDF008DA0FA /* DiameterOfBinaryTreeTests.swift in Sources */ = {isa = PBXBuildFile; fileRef = FF2061D42E9C4FDF008DA0FA /* DiameterOfBinaryTreeTests.swift */; };
		FF2061D62E9C4FDF008DA0FA /* DiameterOfBinaryTreeTests.swift in Sources */ = {isa = PBXBuildFile; fileRef = FF2061D42E9C4FDF008DA0FA /* DiameterOfBinaryTreeTests.swift */; };
		FF2061D82E9C5B34008DA0FA /* IsBalanced.swift in Sources */ = {isa = PBXBuildFile; fileRef = FF2061D72E9C5B34008DA0FA /* IsBalanced.swift */; };
		FF2061D92E9C5B34008DA0FA /* IsBalanced.swift in Sources */ = {isa = PBXBuildFile; fileRef = FF2061D72E9C5B34008DA0FA /* IsBalanced.swift */; };
		FF2061DB2E9C5B9B008DA0FA /* IsBalancedTests.swift in Sources */ = {isa = PBXBuildFile; fileRef = FF2061DA2E9C5B9B008DA0FA /* IsBalancedTests.swift */; };
		FF2061DC2E9C5B9B008DA0FA /* IsBalancedTests.swift in Sources */ = {isa = PBXBuildFile; fileRef = FF2061DA2E9C5B9B008DA0FA /* IsBalancedTests.swift */; };
		FF230B7F2DE3C9BC00AB74FC /* BinarySearch .swift in Sources */ = {isa = PBXBuildFile; fileRef = FF230B7E2DE3C9BC00AB74FC /* BinarySearch .swift */; };
		FF2736842E66E0FE00E346CB /* DFS.swift in Sources */ = {isa = PBXBuildFile; fileRef = FF2736832E66E0FE00E346CB /* DFS.swift */; };
		FF2736852E66E0FE00E346CB /* DFS.swift in Sources */ = {isa = PBXBuildFile; fileRef = FF2736832E66E0FE00E346CB /* DFS.swift */; };
		FF43E5FF2DE90629008815D4 /* Search2dMatrix.swift in Sources */ = {isa = PBXBuildFile; fileRef = FF43E5FE2DE90629008815D4 /* Search2dMatrix.swift */; };
		FF52074F2C89869C00B140AC /* Test_DS.docc in Sources */ = {isa = PBXBuildFile; fileRef = FF52074E2C89869C00B140AC /* Test_DS.docc */; };
		FF52075A2C89869C00B140AC /* Test_DSTests.swift in Sources */ = {isa = PBXBuildFile; fileRef = FF5207592C89869C00B140AC /* Test_DSTests.swift */; };
		FF52075B2C89869C00B140AC /* Test_DS.h in Headers */ = {isa = PBXBuildFile; fileRef = FF52074D2C89869C00B140AC /* Test_DS.h */; settings = {ATTRIBUTES = (Public, ); }; };
		FF5207622C89871100B140AC /* Addition.swift in Sources */ = {isa = PBXBuildFile; fileRef = FF5207442C89865C00B140AC /* Addition.swift */; };
		FF5207652C8CD22300B140AC /* Page2.swift in Sources */ = {isa = PBXBuildFile; fileRef = FF5207642C8CD22300B140AC /* Page2.swift */; };
		FF5396A02F08D4CA00D09259 /* LCSProblems+LongestRepeatingSubsequence.swift in Sources */ = {isa = PBXBuildFile; fileRef = FF53969F2F08D4CA00D09259 /* LCSProblems+LongestRepeatingSubsequence.swift */; };
		FF5396A12F08D4CA00D09259 /* LCSProblems+LongestRepeatingSubsequence.swift in Sources */ = {isa = PBXBuildFile; fileRef = FF53969F2F08D4CA00D09259 /* LCSProblems+LongestRepeatingSubsequence.swift */; };
		FF5396B12F0A66C600D09259 /* LCS+LengthOfLIS.swift in Sources */ = {isa = PBXBuildFile; fileRef = FF5396B02F0A66C600D09259 /* LCS+LengthOfLIS.swift */; };
		FF5396B22F0A66C600D09259 /* LCS+LengthOfLIS.swift in Sources */ = {isa = PBXBuildFile; fileRef = FF5396B02F0A66C600D09259 /* LCS+LengthOfLIS.swift */; };
		FF69F40C2ECE7B4F00FB87D3 /* RightSideView.swift in Sources */ = {isa = PBXBuildFile; fileRef = FF69F40B2ECE7B4F00FB87D3 /* RightSideView.swift */; };
		FF69F40D2ECE7B4F00FB87D3 /* RightSideView.swift in Sources */ = {isa = PBXBuildFile; fileRef = FF69F40B2ECE7B4F00FB87D3 /* RightSideView.swift */; };
		FF69F40F2ECE7B8F00FB87D3 /* RightSideViewTests.swift in Sources */ = {isa = PBXBuildFile; fileRef = FF69F40E2ECE7B8F00FB87D3 /* RightSideViewTests.swift */; };
		FF69F4102ECE7B8F00FB87D3 /* RightSideViewTests.swift in Sources */ = {isa = PBXBuildFile; fileRef = FF69F40E2ECE7B8F00FB87D3 /* RightSideViewTests.swift */; };
		FF71555A2E374AF500585246 /* ValidPalindrome.swift in Sources */ = {isa = PBXBuildFile; fileRef = FF7155592E374AF500585246 /* ValidPalindrome.swift */; };
		FF71555B2E374AF500585246 /* ValidPalindrome.swift in Sources */ = {isa = PBXBuildFile; fileRef = FF7155592E374AF500585246 /* ValidPalindrome.swift */; };
		FF71555D2E374B3400585246 /* TwoPointers.swift in Sources */ = {isa = PBXBuildFile; fileRef = FF71555C2E374B3400585246 /* TwoPointers.swift */; };
		FF71555E2E374B3400585246 /* TwoPointers.swift in Sources */ = {isa = PBXBuildFile; fileRef = FF71555C2E374B3400585246 /* TwoPointers.swift */; };
		FF7155602E374E6D00585246 /* ValidPalindromeTests.swift in Sources */ = {isa = PBXBuildFile; fileRef = FF71555F2E374E6D00585246 /* ValidPalindromeTests.swift */; };
		FF7155612E374E6D00585246 /* ValidPalindromeTests.swift in Sources */ = {isa = PBXBuildFile; fileRef = FF71555F2E374E6D00585246 /* ValidPalindromeTests.swift */; };
		FF933B712CB322F800668ACE /* Page3.swift in Sources */ = {isa = PBXBuildFile; fileRef = FF933B702CB322F800668ACE /* Page3.swift */; };
		FF97D1FD2D566F24009DCDD5 /* Page4.swift in Sources */ = {isa = PBXBuildFile; fileRef = FF97D1FC2D566F24009DCDD5 /* Page4.swift */; };
		FFA067F82DCF211000881478 /* TrappingRainWater.swift in Sources */ = {isa = PBXBuildFile; fileRef = FFA067F72DCF211000881478 /* TrappingRainWater.swift */; };
		FFA067F92DCF211000881478 /* TrappingRainWater.swift in Sources */ = {isa = PBXBuildFile; fileRef = FFA067F72DCF211000881478 /* TrappingRainWater.swift */; };
		FFA067FB2DCF305B00881478 /* DailyTemperature.swift in Sources */ = {isa = PBXBuildFile; fileRef = FFA067FA2DCF305B00881478 /* DailyTemperature.swift */; };
		FFA067FE2DCFFC8500881478 /* CarFleet.swift in Sources */ = {isa = PBXBuildFile; fileRef = FFA067FD2DCFFC8500881478 /* CarFleet.swift */; };
		FFA067FF2DCFFC8500881478 /* CarFleet.swift in Sources */ = {isa = PBXBuildFile; fileRef = FFA067FD2DCFFC8500881478 /* CarFleet.swift */; };
		FFA6EB202DA394AC000C2D82 /* ValidateSuduko.swift in Sources */ = {isa = PBXBuildFile; fileRef = FFA6EB1F2DA394AC000C2D82 /* ValidateSuduko.swift */; };
		FFAB5C522EF0D89100F183EC /* TargetSum.swift in Sources */ = {isa = PBXBuildFile; fileRef = FFAB5C512EF0D89100F183EC /* TargetSum.swift */; };
		FFAB5C532EF0D89100F183EC /* TargetSum.swift in Sources */ = {isa = PBXBuildFile; fileRef = FFAB5C512EF0D89100F183EC /* TargetSum.swift */; };
		FFAB5C602EF343F000F183EC /* CodeTemplateProtocol.swift in Sources */ = {isa = PBXBuildFile; fileRef = FFAB5C5F2EF343F000F183EC /* CodeTemplateProtocol.swift */; };
		FFAB5C612EF343F000F183EC /* CodeTemplateProtocol.swift in Sources */ = {isa = PBXBuildFile; fileRef = FFAB5C5F2EF343F000F183EC /* CodeTemplateProtocol.swift */; };
		FFAB5C722EF3F45200F183EC /* UnboundedKnapsack.swift in Sources */ = {isa = PBXBuildFile; fileRef = FFAB5C712EF3F45200F183EC /* UnboundedKnapsack.swift */; };
		FFAB5C732EF3F45200F183EC /* UnboundedKnapsack.swift in Sources */ = {isa = PBXBuildFile; fileRef = FFAB5C712EF3F45200F183EC /* UnboundedKnapsack.swift */; };
		FFAC3E4D2E392146001214BB /* KthSmallest.swift in Sources */ = {isa = PBXBuildFile; fileRef = FFAC3E4C2E392146001214BB /* KthSmallest.swift */; };
		FFAC3E4E2E392146001214BB /* KthSmallest.swift in Sources */ = {isa = PBXBuildFile; fileRef = FFAC3E4C2E392146001214BB /* KthSmallest.swift */; };
		FFAC3E502E392172001214BB /* TreeNode.swift in Sources */ = {isa = PBXBuildFile; fileRef = FFAC3E4F2E392172001214BB /* TreeNode.swift */; };
		FFAC3E512E392172001214BB /* TreeNode.swift in Sources */ = {isa = PBXBuildFile; fileRef = FFAC3E4F2E392172001214BB /* TreeNode.swift */; };
		FFAF22192EC282C6000E86D4 /* InvertTree.swift in Sources */ = {isa = PBXBuildFile; fileRef = FFAF22182EC282C6000E86D4 /* InvertTree.swift */; };
		FFAF221A2EC282C6000E86D4 /* InvertTree.swift in Sources */ = {isa = PBXBuildFile; fileRef = FFAF22182EC282C6000E86D4 /* InvertTree.swift */; };
		FFAF465F2EC3C78E000E86D4 /* BFS.swift in Sources */ = {isa = PBXBuildFile; fileRef = FFAF465E2EC3C78E000E86D4 /* BFS.swift */; };
		FFAF46602EC3C78E000E86D4 /* BFS.swift in Sources */ = {isa = PBXBuildFile; fileRef = FFAF465E2EC3C78E000E86D4 /* BFS.swift */; };
		FFB124BC2ED6489A00CD04C7 /* GoodNodes.swift in Sources */ = {isa = PBXBuildFile; fileRef = FFB124BB2ED6489A00CD04C7 /* GoodNodes.swift */; };
		FFB124BD2ED6489A00CD04C7 /* GoodNodes.swift in Sources */ = {isa = PBXBuildFile; fileRef = FFB124BB2ED6489A00CD04C7 /* GoodNodes.swift */; };
		FFB124BF2EDBAA0100CD04C7 /* ValidBST.swift in Sources */ = {isa = PBXBuildFile; fileRef = FFB124BE2EDBAA0100CD04C7 /* ValidBST.swift */; };
		FFB124C02EDBAA0100CD04C7 /* ValidBST.swift in Sources */ = {isa = PBXBuildFile; fileRef = FFB124BE2EDBAA0100CD04C7 /* ValidBST.swift */; };
		FFB124C32EDCF3C700CD04C7 /* Subsets.swift in Sources */ = {isa = PBXBuildFile; fileRef = FFB124C22EDCF3C700CD04C7 /* Subsets.swift */; };
		FFB124C42EDCF3C700CD04C7 /* Subsets.swift in Sources */ = {isa = PBXBuildFile; fileRef = FFB124C22EDCF3C700CD04C7 /* Subsets.swift */; };
		FFB34DD72DA7176300D2C7A8 /* LongestConsecutiveSubsequence.swift in Sources */ = {isa = PBXBuildFile; fileRef = FFB34DD62DA7176300D2C7A8 /* LongestConsecutiveSubsequence.swift */; };
		FFB6559D2F174FB600C50081 /* Graphs+SearchMatrix.swift in Sources */ = {isa = PBXBuildFile; fileRef = FFB6559C2F174FB600C50081 /* Graphs+SearchMatrix.swift */; };
		FFB6559E2F174FB600C50081 /* Graphs+SearchMatrix.swift in Sources */ = {isa = PBXBuildFile; fileRef = FFB6559C2F174FB600C50081 /* Graphs+SearchMatrix.swift */; };
		FFBA6FCD2F077AA7000579D5 /* LCSTests.swift in Sources */ = {isa = PBXBuildFile; fileRef = FFBA6FCC2F077AA7000579D5 /* LCSTests.swift */; };
		FFBA6FCE2F077AA7000579D5 /* LCSTests.swift in Sources */ = {isa = PBXBuildFile; fileRef = FFBA6FCC2F077AA7000579D5 /* LCSTests.swift */; };
		FFBA6FD02F0863D6000579D5 /* LCSProblems+PrintLCS.swift in Sources */ = {isa = PBXBuildFile; fileRef = FFBA6FCF2F0863D6000579D5 /* LCSProblems+PrintLCS.swift */; };
		FFBA6FD12F0863D6000579D5 /* LCSProblems+PrintLCS.swift in Sources */ = {isa = PBXBuildFile; fileRef = FFBA6FCF2F0863D6000579D5 /* LCSProblems+PrintLCS.swift */; };
		FFBA6FD32F086406000579D5 /* LCSProblems+ShortestSubersequence.swift in Sources */ = {isa = PBXBuildFile; fileRef = FFBA6FD22F086406000579D5 /* LCSProblems+ShortestSubersequence.swift */; };
		FFBA6FD42F086406000579D5 /* LCSProblems+ShortestSubersequence.swift in Sources */ = {isa = PBXBuildFile; fileRef = FFBA6FD22F086406000579D5 /* LCSProblems+ShortestSubersequence.swift */; };
		FFBA6FD62F086521000579D5 /* LCSProblems+MinInsertionAndDeletions.swift in Sources */ = {isa = PBXBuildFile; fileRef = FFBA6FD52F086521000579D5 /* LCSProblems+MinInsertionAndDeletions.swift */; };
		FFBA6FD72F086521000579D5 /* LCSProblems+MinInsertionAndDeletions.swift in Sources */ = {isa = PBXBuildFile; fileRef = FFBA6FD52F086521000579D5 /* LCSProblems+MinInsertionAndDeletions.swift */; };
		FFBA6FD92F086E5B000579D5 /* LCSProblem+LongestPalindromicSubsequence.swift in Sources */ = {isa = PBXBuildFile; fileRef = FFBA6FD82F086E5B000579D5 /* LCSProblem+LongestPalindromicSubsequence.swift */; };
		FFBA6FDA2F086E5B000579D5 /* LCSProblem+LongestPalindromicSubsequence.swift in Sources */ = {isa = PBXBuildFile; fileRef = FFBA6FD82F086E5B000579D5 /* LCSProblem+LongestPalindromicSubsequence.swift */; };
		FFBA6FDC2F08778D000579D5 /* LCSProblems+MinDeletions.swift in Sources */ = {isa = PBXBuildFile; fileRef = FFBA6FDB2F08778D000579D5 /* LCSProblems+MinDeletions.swift */; };
		FFBA6FDD2F08778D000579D5 /* LCSProblems+MinDeletions.swift in Sources */ = {isa = PBXBuildFile; fileRef = FFBA6FDB2F08778D000579D5 /* LCSProblems+MinDeletions.swift */; };
		FFC2103C2D861F9600A9337D /* Page5.swift in Sources */ = {isa = PBXBuildFile; fileRef = FFC2103B2D861F9600A9337D /* Page5.swift */; };
		FFCBC4562DEFA2F6008F4503 /* KeyValueStore.swift in Sources */ = {isa = PBXBuildFile; fileRef = FFCBC4552DEFA2F6008F4503 /* KeyValueStore.swift */; };
		FFCBC4572DEFA2F6008F4503 /* KeyValueStore.swift in Sources */ = {isa = PBXBuildFile; fileRef = FFCBC4552DEFA2F6008F4503 /* KeyValueStore.swift */; };
		FFD1BD7E2DB4CA95006BB494 /* ValidateParenthesis.swift in Sources */ = {isa = PBXBuildFile; fileRef = FFD1BD7D2DB4CA95006BB494 /* ValidateParenthesis.swift */; };
		FFEDFEE12F3592EB00034823 /* LRUCache.swift in Sources */ = {isa = PBXBuildFile; fileRef = FFEDFEE02F3592EB00034823 /* LRUCache.swift */; };
		FFEDFEE22F3592EB00034823 /* LRUCache.swift in Sources */ = {isa = PBXBuildFile; fileRef = FFEDFEE02F3592EB00034823 /* LRUCache.swift */; };
		FFEDFF162F36AA3A00034823 /* MinDepth.swift in Sources */ = {isa = PBXBuildFile; fileRef = FFEDFF152F36AA3A00034823 /* MinDepth.swift */; };
		FFEDFF172F36AA3A00034823 /* MinDepth.swift in Sources */ = {isa = PBXBuildFile; fileRef = FFEDFF152F36AA3A00034823 /* MinDepth.swift */; };
		FFEDFF192F36FA4700034823 /* FloodFill.swift in Sources */ = {isa = PBXBuildFile; fileRef = FFEDFF182F36FA4700034823 /* FloodFill.swift */; };
		FFEDFF1A2F36FA4700034823 /* FloodFill.swift in Sources */ = {isa = PBXBuildFile; fileRef = FFEDFF182F36FA4700034823 /* FloodFill.swift */; };
		FFEDFF1F2F3C182800034823 /* Playground.swift in Sources */ = {isa = PBXBuildFile; fileRef = FFB34DD82DA725CB00D2C7A8 /* Playground.swift */; };
		FFEDFF212F3C34EB00034823 /* String+ReverseNumber.swift in Sources */ = {isa = PBXBuildFile; fileRef = FFEDFF202F3C34EB00034823 /* String+ReverseNumber.swift */; };
		FFEDFF222F3C34EB00034823 /* String+ReverseNumber.swift in Sources */ = {isa = PBXBuildFile; fileRef = FFEDFF202F3C34EB00034823 /* String+ReverseNumber.swift */; };
		FFEDFF242F3D386700034823 /* Graph+AdjacencyList.swift in Sources */ = {isa = PBXBuildFile; fileRef = FFEDFF232F3D386700034823 /* Graph+AdjacencyList.swift */; };
		FFEDFF252F3D386700034823 /* Graph+AdjacencyList.swift in Sources */ = {isa = PBXBuildFile; fileRef = FFEDFF232F3D386700034823 /* Graph+AdjacencyList.swift */; };
		FFEDFF272F3D392400034823 /* CountComponents.swift in Sources */ = {isa = PBXBuildFile; fileRef = FFEDFF262F3D392400034823 /* CountComponents.swift */; };
		FFEDFF282F3D392400034823 /* CountComponents.swift in Sources */ = {isa = PBXBuildFile; fileRef = FFEDFF262F3D392400034823 /* CountComponents.swift */; };
		FFEDFF2B2F3F285400034823 /* TopologicalSortDFS.swift in Sources */ = {isa = PBXBuildFile; fileRef = FFEDFF2A2F3F285400034823 /* TopologicalSortDFS.swift */; };
		FFEDFF2C2F3F285400034823 /* TopologicalSortDFS.swift in Sources */ = {isa = PBXBuildFile; fileRef = FFEDFF2A2F3F285400034823 /* TopologicalSortDFS.swift */; };
		FFFBDED52DB12FAC002DC960 /* ContainerWithMostWater.swift in Sources */ = {isa = PBXBuildFile; fileRef = FFFBDED42DB12FAC002DC960 /* ContainerWithMostWater.swift */; };
		FFFC67882F1B7C4B004FA6E2 /* PayPalProtocol.swift in Sources */ = {isa = PBXBuildFile; fileRef = FFFC67872F1B7C4B004FA6E2 /* PayPalProtocol.swift */; };
		FFFC67892F1B7C4B004FA6E2 /* PayPalProtocol.swift in Sources */ = {isa = PBXBuildFile; fileRef = FFFC67872F1B7C4B004FA6E2 /* PayPalProtocol.swift */; };
		FFFC678B2F1B7EC2004FA6E2 /* StackProtocol.swift in Sources */ = {isa = PBXBuildFile; fileRef = FFFC678A2F1B7EC2004FA6E2 /* StackProtocol.swift */; };
		FFFC678C2F1B7EC2004FA6E2 /* StackProtocol.swift in Sources */ = {isa = PBXBuildFile; fileRef = FFFC678A2F1B7EC2004FA6E2 /* StackProtocol.swift */; };
		FFFC678E2F1B7EF0004FA6E2 /* MinStack.swift in Sources */ = {isa = PBXBuildFile; fileRef = FFFC678D2F1B7EF0004FA6E2 /* MinStack.swift */; };
		FFFC678F2F1B7EF0004FA6E2 /* MinStack.swift in Sources */ = {isa = PBXBuildFile; fileRef = FFFC678D2F1B7EF0004FA6E2 /* MinStack.swift */; };
		FFFC67912F1B8790004FA6E2 /* EvalRPN.swift in Sources */ = {isa = PBXBuildFile; fileRef = FFFC67902F1B8790004FA6E2 /* EvalRPN.swift */; };
		FFFC67922F1B8790004FA6E2 /* EvalRPN.swift in Sources */ = {isa = PBXBuildFile; fileRef = FFFC67902F1B8790004FA6E2 /* EvalRPN.swift */; };
		FFFC67932F1B87C3004FA6E2 /* ValidateParenthesis.swift in Sources */ = {isa = PBXBuildFile; fileRef = FFD1BD7D2DB4CA95006BB494 /* ValidateParenthesis.swift */; };
		FFFC67A62F1CC8BE004FA6E2 /* ArrayQuestions.swift in Sources */ = {isa = PBXBuildFile; fileRef = FFFC67A52F1CC8BE004FA6E2 /* ArrayQuestions.swift */; };
		FFFC67A72F1CC8BE004FA6E2 /* ArrayQuestions.swift in Sources */ = {isa = PBXBuildFile; fileRef = FFFC67A52F1CC8BE004FA6E2 /* ArrayQuestions.swift */; };
		FFFC67A92F1CC8D2004FA6E2 /* ArraySolutions.swift in Sources */ = {isa = PBXBuildFile; fileRef = FFFC67A82F1CC8D2004FA6E2 /* ArraySolutions.swift */; };
		FFFC67AA2F1CC8D2004FA6E2 /* ArraySolutions.swift in Sources */ = {isa = PBXBuildFile; fileRef = FFFC67A82F1CC8D2004FA6E2 /* ArraySolutions.swift */; };
		FFFC67BA2F1DBAE4004FA6E2 /* TreeProblems.swift in Sources */ = {isa = PBXBuildFile; fileRef = FFFC67B92F1DBAE4004FA6E2 /* TreeProblems.swift */; };
		FFFC67BB2F1DBAE4004FA6E2 /* TreeProblems.swift in Sources */ = {isa = PBXBuildFile; fileRef = FFFC67B92F1DBAE4004FA6E2 /* TreeProblems.swift */; };
		FFFC67BD2F1DD86B004FA6E2 /* InsertIntoTree.swift in Sources */ = {isa = PBXBuildFile; fileRef = FFFC67BC2F1DD86B004FA6E2 /* InsertIntoTree.swift */; };
		FFFC67BE2F1DD86B004FA6E2 /* InsertIntoTree.swift in Sources */ = {isa = PBXBuildFile; fileRef = FFFC67BC2F1DD86B004FA6E2 /* InsertIntoTree.swift */; };
		FFFC67C02F1F58AA004FA6E2 /* IsSame.swift in Sources */ = {isa = PBXBuildFile; fileRef = FFFC67BF2F1F58AA004FA6E2 /* IsSame.swift */; };
		FFFC67C12F1F58AA004FA6E2 /* IsSame.swift in Sources */ = {isa = PBXBuildFile; fileRef = FFFC67BF2F1F58AA004FA6E2 /* IsSame.swift */; };
		FFFC67C32F1F7BA1004FA6E2 /* LevelOrder.swift in Sources */ = {isa = PBXBuildFile; fileRef = FFFC67C22F1F7BA1004FA6E2 /* LevelOrder.swift */; };
		FFFC67C42F1F7BA1004FA6E2 /* LevelOrder.swift in Sources */ = {isa = PBXBuildFile; fileRef = FFFC67C22F1F7BA1004FA6E2 /* LevelOrder.swift */; };
		FFFC67C62F20D478004FA6E2 /* Node.swift in Sources */ = {isa = PBXBuildFile; fileRef = FFFC67C52F20D478004FA6E2 /* Node.swift */; };
		FFFC67C72F20D478004FA6E2 /* Node.swift in Sources */ = {isa = PBXBuildFile; fileRef = FFFC67C52F20D478004FA6E2 /* Node.swift */; };
		FFFC67C92F20D489004FA6E2 /* GraphsQuestions.swift in Sources */ = {isa = PBXBuildFile; fileRef = FFFC67C82F20D489004FA6E2 /* GraphsQuestions.swift */; };
		FFFC67CA2F20D489004FA6E2 /* GraphsQuestions.swift in Sources */ = {isa = PBXBuildFile; fileRef = FFFC67C82F20D489004FA6E2 /* GraphsQuestions.swift */; };
		FFFC67CC2F20D4CB004FA6E2 /* CloneGraph.swift in Sources */ = {isa = PBXBuildFile; fileRef = FFFC67CB2F20D4CB004FA6E2 /* CloneGraph.swift */; };
		FFFC67CD2F20D4CB004FA6E2 /* CloneGraph.swift in Sources */ = {isa = PBXBuildFile; fileRef = FFFC67CB2F20D4CB004FA6E2 /* CloneGraph.swift */; };
		FFFC67FD2F219BA9004FA6E2 /* Exist.swift in Sources */ = {isa = PBXBuildFile; fileRef = FFFC67FC2F219BA9004FA6E2 /* Exist.swift */; };
		FFFC67FE2F219BA9004FA6E2 /* Exist.swift in Sources */ = {isa = PBXBuildFile; fileRef = FFFC67FC2F219BA9004FA6E2 /* Exist.swift */; };
		FFFC68002F21AF7D004FA6E2 /* OrangesRotting.swift in Sources */ = {isa = PBXBuildFile; fileRef = FFFC67FF2F21AF7D004FA6E2 /* OrangesRotting.swift */; };
		FFFC68012F21AF7D004FA6E2 /* OrangesRotting.swift in Sources */ = {isa = PBXBuildFile; fileRef = FFFC67FF2F21AF7D004FA6E2 /* OrangesRotting.swift */; };
		FFFC68032F22DC95004FA6E2 /* SurroundedRegions.swift in Sources */ = {isa = PBXBuildFile; fileRef = FFFC68022F22DC95004FA6E2 /* SurroundedRegions.swift */; };
		FFFC68042F22DC95004FA6E2 /* SurroundedRegions.swift in Sources */ = {isa = PBXBuildFile; fileRef = FFFC68022F22DC95004FA6E2 /* SurroundedRegions.swift */; };
		FFFC68062F241083004FA6E2 /* UndirectedGraphCycleBFS.swift in Sources */ = {isa = PBXBuildFile; fileRef = FFFC68052F241083004FA6E2 /* UndirectedGraphCycleBFS.swift */; };
		FFFC68072F241083004FA6E2 /* UndirectedGraphCycleBFS.swift in Sources */ = {isa = PBXBuildFile; fileRef = FFFC68052F241083004FA6E2 /* UndirectedGraphCycleBFS.swift */; };
		FFFC68092F242582004FA6E2 /* UndirectedGraphCycleDFS.swift in Sources */ = {isa = PBXBuildFile; fileRef = FFFC68082F242582004FA6E2 /* UndirectedGraphCycleDFS.swift */; };
		FFFC680A2F242582004FA6E2 /* UndirectedGraphCycleDFS.swift in Sources */ = {isa = PBXBuildFile; fileRef = FFFC68082F242582004FA6E2 /* UndirectedGraphCycleDFS.swift */; };
		FFFC680C2F242F0E004FA6E2 /* IsBipartiteBFS.swift in Sources */ = {isa = PBXBuildFile; fileRef = FFFC680B2F242F0E004FA6E2 /* IsBipartiteBFS.swift */; };
		FFFC680D2F242F0E004FA6E2 /* IsBipartiteBFS.swift in Sources */ = {isa = PBXBuildFile; fileRef = FFFC680B2F242F0E004FA6E2 /* IsBipartiteBFS.swift */; };
		FFFC680F2F2445D8004FA6E2 /* IsBipartiteDFS.swift in Sources */ = {isa = PBXBuildFile; fileRef = FFFC680E2F2445D8004FA6E2 /* IsBipartiteDFS.swift */; };
		FFFC68102F2445D8004FA6E2 /* IsBipartiteDFS.swift in Sources */ = {isa = PBXBuildFile; fileRef = FFFC680E2F2445D8004FA6E2 /* IsBipartiteDFS.swift */; };
		FFFC68122F244B31004FA6E2 /* PossibleBipartition.swift in Sources */ = {isa = PBXBuildFile; fileRef = FFFC68112F244B31004FA6E2 /* PossibleBipartition.swift */; };
		FFFC68132F244B31004FA6E2 /* PossibleBipartition.swift in Sources */ = {isa = PBXBuildFile; fileRef = FFFC68112F244B31004FA6E2 /* PossibleBipartition.swift */; };
		FFFC68172F24C369004FA6E2 /* CycleDetectionDFSWithState.swift in Sources */ = {isa = PBXBuildFile; fileRef = FFFC68162F24C369004FA6E2 /* CycleDetectionDFSWithState.swift */; };
		FFFC68182F24C369004FA6E2 /* CycleDetectionDFSWithState.swift in Sources */ = {isa = PBXBuildFile; fileRef = FFFC68162F24C369004FA6E2 /* CycleDetectionDFSWithState.swift */; };
		FFFC681A2F24C585004FA6E2 /* CycleDetectionDFS.swift in Sources */ = {isa = PBXBuildFile; fileRef = FFFC68192F24C585004FA6E2 /* CycleDetectionDFS.swift */; };
		FFFC681B2F24C585004FA6E2 /* CycleDetectionDFS.swift in Sources */ = {isa = PBXBuildFile; fileRef = FFFC68192F24C585004FA6E2 /* CycleDetectionDFS.swift */; };
		FFFC681D2F24D00F004FA6E2 /* CanFinish.swift in Sources */ = {isa = PBXBuildFile; fileRef = FFFC681C2F24D00F004FA6E2 /* CanFinish.swift */; };
		FFFC681E2F24D00F004FA6E2 /* CanFinish.swift in Sources */ = {isa = PBXBuildFile; fileRef = FFFC681C2F24D00F004FA6E2 /* CanFinish.swift */; };
		FFFC68202F25935B004FA6E2 /* ReverseImage.swift in Sources */ = {isa = PBXBuildFile; fileRef = FFFC681F2F25935B004FA6E2 /* ReverseImage.swift */; };
		FFFC68212F25935B004FA6E2 /* ReverseImage.swift in Sources */ = {isa = PBXBuildFile; fileRef = FFFC681F2F25935B004FA6E2 /* ReverseImage.swift */; };
/* End PBXBuildFile section */

/* Begin PBXContainerItemProxy section */
		FF5207562C89869C00B140AC /* PBXContainerItemProxy */ = {
			isa = PBXContainerItemProxy;
			containerPortal = FF52073E2C89865200B140AC /* Project object */;
			proxyType = 1;
			remoteGlobalIDString = FF5207492C89869C00B140AC;
			remoteInfo = "Test-DS";
		};
/* End PBXContainerItemProxy section */

/* Begin PBXCopyFilesBuildPhase section */
		FF1044492EFFE7C800BD9741 /* Embed Frameworks */ = {
			isa = PBXCopyFilesBuildPhase;
			buildActionMask = 2147483647;
			dstPath = "";
			dstSubfolderSpec = 10;
			files = (
				FF1044482EFFE7C800BD9741 /* Test_DS.framework in Embed Frameworks */,
			);
			name = "Embed Frameworks";
			runOnlyForDeploymentPostprocessing = 0;
		};
		FF10444C2EFFE91400BD9741 /* Embed Frameworks */ = {
			isa = PBXCopyFilesBuildPhase;
			buildActionMask = 2147483647;
			dstPath = "";
			dstSubfolderSpec = 10;
			files = (
				FF10444B2EFFE91400BD9741 /* Testing.framework in Embed Frameworks */,
			);
			name = "Embed Frameworks";
			runOnlyForDeploymentPostprocessing = 0;
		};
/* End PBXCopyFilesBuildPhase section */

/* Begin PBXFileReference section */
		FF0489792F144F950065EF5A /* NumberOfIslands.swift */ = {isa = PBXFileReference; lastKnownFileType = sourcecode.swift; path = NumberOfIslands.swift; sourceTree = "<group>"; };
		FF0C00C82EF0CE3300C5870D /* CountNumSubsetsGivenDiff.swift */ = {isa = PBXFileReference; lastKnownFileType = sourcecode.swift; path = CountNumSubsetsGivenDiff.swift; sourceTree = "<group>"; };
		FF0CC8C22EE578CF00C5870D /* KnapsackRecursive.swift */ = {isa = PBXFileReference; lastKnownFileType = sourcecode.swift; path = KnapsackRecursive.swift; sourceTree = "<group>"; };
		FF0CC8C52EE57D5400C5870D /* KnapsackRecursiveTests.swift */ = {isa = PBXFileReference; lastKnownFileType = sourcecode.swift; path = KnapsackRecursiveTests.swift; sourceTree = "<group>"; };
		FF0CC8C82EE5960200C5870D /* KnapsackTopDown.swift */ = {isa = PBXFileReference; lastKnownFileType = sourcecode.swift; path = KnapsackTopDown.swift; sourceTree = "<group>"; };
		FF0CC8E42EEB824D00C5870D /* LinkedListTests.swift */ = {isa = PBXFileReference; lastKnownFileType = sourcecode.swift; path = LinkedListTests.swift; sourceTree = "<group>"; };
		FF0CC8E72EEB9D4C00C5870D /* SubsetSum.swift */ = {isa = PBXFileReference; lastKnownFileType = sourcecode.swift; path = SubsetSum.swift; sourceTree = "<group>"; };
		FF0CC8EA2EEBA13100C5870D /* KnapsackProblemsTests.swift */ = {isa = PBXFileReference; lastKnownFileType = sourcecode.swift; path = KnapsackProblemsTests.swift; sourceTree = "<group>"; };
		FF0CC8ED2EEBD75E00C5870D /* EqualSumPartition.swift */ = {isa = PBXFileReference; lastKnownFileType = sourcecode.swift; path = EqualSumPartition.swift; sourceTree = "<group>"; };
		FF0CC8F02EEC0EA100C5870D /* CountOfSubsetSum.swift */ = {isa = PBXFileReference; lastKnownFileType = sourcecode.swift; path = CountOfSubsetSum.swift; sourceTree = "<group>"; };
		FF0CC8FA2EEE350F00C5870D /* MinSubsetSumDifference.swift */ = {isa = PBXFileReference; lastKnownFileType = sourcecode.swift; path = MinSubsetSumDifference.swift; sourceTree = "<group>"; };
		FF0CC8FD2EEEB7A200C5870D /* Permutations.swift */ = {isa = PBXFileReference; lastKnownFileType = sourcecode.swift; path = Permutations.swift; sourceTree = "<group>"; };
		FF0D98EB2E5C3F3800EED894 /* TreesProblemsTests.swift */ = {isa = PBXFileReference; lastKnownFileType = sourcecode.swift; path = TreesProblemsTests.swift; sourceTree = "<group>"; };
		FF10443C2EFE86F900BD9741 /* CoinChange-I.swift */ = {isa = PBXFileReference; lastKnownFileType = sourcecode.swift; path = "CoinChange-I.swift"; sourceTree = "<group>"; };
		FF10443F2EFF39B000BD9741 /* CoinChange-II.swift */ = {isa = PBXFileReference; lastKnownFileType = sourcecode.swift; path = "CoinChange-II.swift"; sourceTree = "<group>"; };
		FF1044442EFFE49800BD9741 /* CodeTemplateImpl.swift */ = {isa = PBXFileReference; lastKnownFileType = sourcecode.swift; path = CodeTemplateImpl.swift; sourceTree = "<group>"; };
		FF10444E2F01100500BD9741 /* LCSRecursive.swift */ = {isa = PBXFileReference; lastKnownFileType = sourcecode.swift; path = LCSRecursive.swift; sourceTree = "<group>"; };
		FF1044512F01108200BD9741 /* UnboundedKnapsackTests.swift */ = {isa = PBXFileReference; lastKnownFileType = sourcecode.swift; path = UnboundedKnapsackTests.swift; sourceTree = "<group>"; };
		FF1044542F01116500BD9741 /* LCSProtocol.swift */ = {isa = PBXFileReference; lastKnownFileType = sourcecode.swift; path = LCSProtocol.swift; sourceTree = "<group>"; };
		FF1044572F0124E700BD9741 /* LinkedListProblems.swift */ = {isa = PBXFileReference; lastKnownFileType = sourcecode.swift; path = LinkedListProblems.swift; sourceTree = "<group>"; };
		FF10445A2F01D98600BD9741 /* LCSProblems.swift */ = {isa = PBXFileReference; lastKnownFileType = sourcecode.swift; path = LCSProblems.swift; sourceTree = "<group>"; };
		FF127BDC2DAD6BE700F203EF /* TwoSum.swift */ = {isa = PBXFileReference; lastKnownFileType = sourcecode.swift; path = TwoSum.swift; sourceTree = "<group>"; };
		FF127BDF2DAD7C8100F203EF /* ThreeSum.swift */ = {isa = PBXFileReference; lastKnownFileType = sourcecode.swift; path = ThreeSum.swift; sourceTree = "<group>"; };
		FF1818A52E0482EB0054F7F8 /* Problem4.swift */ = {isa = PBXFileReference; lastKnownFileType = sourcecode.swift; path = Problem4.swift; sourceTree = "<group>"; };
		FF1818A92E0484A00054F7F8 /* Testing.framework */ = {isa = PBXFileReference; lastKnownFileType = wrapper.framework; name = Testing.framework; path = Platforms/MacOSX.platform/Developer/Library/Frameworks/Testing.framework; sourceTree = DEVELOPER_DIR; };
		FF18D0202E0215C80054F7F8 /* README.md */ = {isa = PBXFileReference; lastKnownFileType = net.daringfireball.markdown; path = README.md; sourceTree = "<group>"; };
		FF18D0222E0218A00054F7F8 /* Problem1.swift */ = {isa = PBXFileReference; lastKnownFileType = sourcecode.swift; path = Problem1.swift; sourceTree = "<group>"; };
		FF18D0252E0287440054F7F8 /* Problem2.swift */ = {isa = PBXFileReference; lastKnownFileType = sourcecode.swift; path = Problem2.swift; sourceTree = "<group>"; };
		FF1FC3042E24CA8200951B00 /* LinkedListNode.swift */ = {isa = PBXFileReference; lastKnownFileType = sourcecode.swift; path = LinkedListNode.swift; sourceTree = "<group>"; };
		FF1FC3072E24CADE00951B00 /* LinkedList.swift */ = {isa = PBXFileReference; lastKnownFileType = sourcecode.swift; path = LinkedList.swift; sourceTree = "<group>"; };
		FF2061CB2E9C4B0A008DA0FA /* TreeProblemsImpl.swift */ = {isa = PBXFileReference; lastKnownFileType = sourcecode.swift; path = TreeProblemsImpl.swift; sourceTree = "<group>"; };
		FF2061CE2E9C4B3F008DA0FA /* MaxDepth.swift */ = {isa = PBXFileReference; lastKnownFileType = sourcecode.swift; path = MaxDepth.swift; sourceTree = "<group>"; };
		FF2061D12E9C4B6E008DA0FA /* DiameterOfBinaryTree.swift */ = {isa = PBXFileReference; lastKnownFileType = sourcecode.swift; path = DiameterOfBinaryTree.swift; sourceTree = "<group>"; };
		FF2061D42E9C4FDF008DA0FA /* DiameterOfBinaryTreeTests.swift */ = {isa = PBXFileReference; lastKnownFileType = sourcecode.swift; path = DiameterOfBinaryTreeTests.swift; sourceTree = "<group>"; };
		FF2061D72E9C5B34008DA0FA /* IsBalanced.swift */ = {isa = PBXFileReference; lastKnownFileType = sourcecode.swift; path = IsBalanced.swift; sourceTree = "<group>"; };
		FF2061DA2E9C5B9B008DA0FA /* IsBalancedTests.swift */ = {isa = PBXFileReference; lastKnownFileType = sourcecode.swift; path = IsBalancedTests.swift; sourceTree = "<group>"; };
		FF230B7E2DE3C9BC00AB74FC /* BinarySearch .swift */ = {isa = PBXFileReference; lastKnownFileType = sourcecode.swift; path = "BinarySearch .swift"; sourceTree = "<group>"; };
		FF2736832E66E0FE00E346CB /* DFS.swift */ = {isa = PBXFileReference; lastKnownFileType = sourcecode.swift; path = DFS.swift; sourceTree = "<group>"; };
		FF43E5FE2DE90629008815D4 /* Search2dMatrix.swift */ = {isa = PBXFileReference; lastKnownFileType = sourcecode.swift; path = Search2dMatrix.swift; sourceTree = "<group>"; };
		FF5207442C89865C00B140AC /* Addition.swift */ = {isa = PBXFileReference; lastKnownFileType = sourcecode.swift; path = Addition.swift; sourceTree = "<group>"; };
		FF52074A2C89869C00B140AC /* Test_DS.framework */ = {isa = PBXFileReference; explicitFileType = wrapper.framework; includeInIndex = 0; path = Test_DS.framework; sourceTree = BUILT_PRODUCTS_DIR; };
		FF52074D2C89869C00B140AC /* Test_DS.h */ = {isa = PBXFileReference; lastKnownFileType = sourcecode.c.h; path = Test_DS.h; sourceTree = "<group>"; };
		FF52074E2C89869C00B140AC /* Test_DS.docc */ = {isa = PBXFileReference; lastKnownFileType = folder.documentationcatalog; path = Test_DS.docc; sourceTree = "<group>"; };
		FF5207542C89869C00B140AC /* Test-DSTests.xctest */ = {isa = PBXFileReference; explicitFileType = wrapper.cfbundle; includeInIndex = 0; path = "Test-DSTests.xctest"; sourceTree = BUILT_PRODUCTS_DIR; };
		FF5207592C89869C00B140AC /* Test_DSTests.swift */ = {isa = PBXFileReference; lastKnownFileType = sourcecode.swift; path = Test_DSTests.swift; sourceTree = "<group>"; };
		FF5207642C8CD22300B140AC /* Page2.swift */ = {isa = PBXFileReference; lastKnownFileType = sourcecode.swift; path = Page2.swift; sourceTree = "<group>"; };
		FF53969F2F08D4CA00D09259 /* LCSProblems+LongestRepeatingSubsequence.swift */ = {isa = PBXFileReference; lastKnownFileType = sourcecode.swift; path = "LCSProblems+LongestRepeatingSubsequence.swift"; sourceTree = "<group>"; };
		FF5396B02F0A66C600D09259 /* LCS+LengthOfLIS.swift */ = {isa = PBXFileReference; lastKnownFileType = sourcecode.swift; path = "LCS+LengthOfLIS.swift"; sourceTree = "<group>"; };
		FF69F40B2ECE7B4F00FB87D3 /* RightSideView.swift */ = {isa = PBXFileReference; lastKnownFileType = sourcecode.swift; path = RightSideView.swift; sourceTree = "<group>"; };
		FF69F40E2ECE7B8F00FB87D3 /* RightSideViewTests.swift */ = {isa = PBXFileReference; lastKnownFileType = sourcecode.swift; path = RightSideViewTests.swift; sourceTree = "<group>"; };
		FF7155592E374AF500585246 /* ValidPalindrome.swift */ = {isa = PBXFileReference; lastKnownFileType = sourcecode.swift; path = ValidPalindrome.swift; sourceTree = "<group>"; };
		FF71555C2E374B3400585246 /* TwoPointers.swift */ = {isa = PBXFileReference; lastKnownFileType = sourcecode.swift; path = TwoPointers.swift; sourceTree = "<group>"; };
		FF71555F2E374E6D00585246 /* ValidPalindromeTests.swift */ = {isa = PBXFileReference; lastKnownFileType = sourcecode.swift; path = ValidPalindromeTests.swift; sourceTree = "<group>"; };
		FF933B702CB322F800668ACE /* Page3.swift */ = {isa = PBXFileReference; lastKnownFileType = sourcecode.swift; path = Page3.swift; sourceTree = "<group>"; };
		FF97D1FC2D566F24009DCDD5 /* Page4.swift */ = {isa = PBXFileReference; lastKnownFileType = sourcecode.swift; path = Page4.swift; sourceTree = "<group>"; };
		FFA067F72DCF211000881478 /* TrappingRainWater.swift */ = {isa = PBXFileReference; lastKnownFileType = sourcecode.swift; path = TrappingRainWater.swift; sourceTree = "<group>"; };
		FFA067FA2DCF305B00881478 /* DailyTemperature.swift */ = {isa = PBXFileReference; lastKnownFileType = sourcecode.swift; path = DailyTemperature.swift; sourceTree = "<group>"; };
		FFA067FD2DCFFC8500881478 /* CarFleet.swift */ = {isa = PBXFileReference; lastKnownFileType = sourcecode.swift; path = CarFleet.swift; sourceTree = "<group>"; };
		FFA6EB1F2DA394AC000C2D82 /* ValidateSuduko.swift */ = {isa = PBXFileReference; lastKnownFileType = sourcecode.swift; path = ValidateSuduko.swift; sourceTree = "<group>"; };
		FFAB5C512EF0D89100F183EC /* TargetSum.swift */ = {isa = PBXFileReference; lastKnownFileType = sourcecode.swift; path = TargetSum.swift; sourceTree = "<group>"; };
		FFAB5C5F2EF343F000F183EC /* CodeTemplateProtocol.swift */ = {isa = PBXFileReference; lastKnownFileType = sourcecode.swift; path = CodeTemplateProtocol.swift; sourceTree = "<group>"; };
		FFAB5C712EF3F45200F183EC /* UnboundedKnapsack.swift */ = {isa = PBXFileReference; lastKnownFileType = sourcecode.swift; path = UnboundedKnapsack.swift; sourceTree = "<group>"; };
		FFAC3E4C2E392146001214BB /* KthSmallest.swift */ = {isa = PBXFileReference; lastKnownFileType = sourcecode.swift; path = KthSmallest.swift; sourceTree = "<group>"; };
		FFAC3E4F2E392172001214BB /* TreeNode.swift */ = {isa = PBXFileReference; lastKnownFileType = sourcecode.swift; path = TreeNode.swift; sourceTree = "<group>"; };
		FFAF22182EC282C6000E86D4 /* InvertTree.swift */ = {isa = PBXFileReference; lastKnownFileType = sourcecode.swift; path = InvertTree.swift; sourceTree = "<group>"; };
		FFAF465E2EC3C78E000E86D4 /* BFS.swift */ = {isa = PBXFileReference; lastKnownFileType = sourcecode.swift; path = BFS.swift; sourceTree = "<group>"; };
		FFB124BB2ED6489A00CD04C7 /* GoodNodes.swift */ = {isa = PBXFileReference; lastKnownFileType = sourcecode.swift; path = GoodNodes.swift; sourceTree = "<group>"; };
		FFB124BE2EDBAA0100CD04C7 /* ValidBST.swift */ = {isa = PBXFileReference; lastKnownFileType = sourcecode.swift; path = ValidBST.swift; sourceTree = "<group>"; };
		FFB124C22EDCF3C700CD04C7 /* Subsets.swift */ = {isa = PBXFileReference; lastKnownFileType = sourcecode.swift; path = Subsets.swift; sourceTree = "<group>"; };
		FFB34DD62DA7176300D2C7A8 /* LongestConsecutiveSubsequence.swift */ = {isa = PBXFileReference; lastKnownFileType = sourcecode.swift; path = LongestConsecutiveSubsequence.swift; sourceTree = "<group>"; };
		FFB34DD82DA725CB00D2C7A8 /* Playground.swift */ = {isa = PBXFileReference; lastKnownFileType = sourcecode.swift; path = Playground.swift; sourceTree = "<group>"; };
		FFB6559C2F174FB600C50081 /* Graphs+SearchMatrix.swift */ = {isa = PBXFileReference; lastKnownFileType = sourcecode.swift; path = "Graphs+SearchMatrix.swift"; sourceTree = "<group>"; };
		FFBA6FCC2F077AA7000579D5 /* LCSTests.swift */ = {isa = PBXFileReference; lastKnownFileType = sourcecode.swift; path = LCSTests.swift; sourceTree = "<group>"; };
		FFBA6FCF2F0863D6000579D5 /* LCSProblems+PrintLCS.swift */ = {isa = PBXFileReference; lastKnownFileType = sourcecode.swift; path = "LCSProblems+PrintLCS.swift"; sourceTree = "<group>"; };
		FFBA6FD22F086406000579D5 /* LCSProblems+ShortestSubersequence.swift */ = {isa = PBXFileReference; lastKnownFileType = sourcecode.swift; path = "LCSProblems+ShortestSubersequence.swift"; sourceTree = "<group>"; };
		FFBA6FD52F086521000579D5 /* LCSProblems+MinInsertionAndDeletions.swift */ = {isa = PBXFileReference; lastKnownFileType = sourcecode.swift; path = "LCSProblems+MinInsertionAndDeletions.swift"; sourceTree = "<group>"; };
		FFBA6FD82F086E5B000579D5 /* LCSProblem+LongestPalindromicSubsequence.swift */ = {isa = PBXFileReference; lastKnownFileType = sourcecode.swift; path = "LCSProblem+LongestPalindromicSubsequence.swift"; sourceTree = "<group>"; };
		FFBA6FDB2F08778D000579D5 /* LCSProblems+MinDeletions.swift */ = {isa = PBXFileReference; lastKnownFileType = sourcecode.swift; path = "LCSProblems+MinDeletions.swift"; sourceTree = "<group>"; };
		FFC2103B2D861F9600A9337D /* Page5.swift */ = {isa = PBXFileReference; lastKnownFileType = sourcecode.swift; path = Page5.swift; sourceTree = "<group>"; };
		FFCBC4552DEFA2F6008F4503 /* KeyValueStore.swift */ = {isa = PBXFileReference; lastKnownFileType = sourcecode.swift; path = KeyValueStore.swift; sourceTree = "<group>"; };
		FFD1BD7D2DB4CA95006BB494 /* ValidateParenthesis.swift */ = {isa = PBXFileReference; lastKnownFileType = sourcecode.swift; path = ValidateParenthesis.swift; sourceTree = "<group>"; };
		FFEDFEE02F3592EB00034823 /* LRUCache.swift */ = {isa = PBXFileReference; lastKnownFileType = sourcecode.swift; path = LRUCache.swift; sourceTree = "<group>"; };
		FFEDFF152F36AA3A00034823 /* MinDepth.swift */ = {isa = PBXFileReference; lastKnownFileType = sourcecode.swift; path = MinDepth.swift; sourceTree = "<group>"; };
		FFEDFF182F36FA4700034823 /* FloodFill.swift */ = {isa = PBXFileReference; lastKnownFileType = sourcecode.swift; path = FloodFill.swift; sourceTree = "<group>"; };
		FFEDFF202F3C34EB00034823 /* String+ReverseNumber.swift */ = {isa = PBXFileReference; lastKnownFileType = sourcecode.swift; path = "String+ReverseNumber.swift"; sourceTree = "<group>"; };
		FFEDFF232F3D386700034823 /* Graph+AdjacencyList.swift */ = {isa = PBXFileReference; lastKnownFileType = sourcecode.swift; path = "Graph+AdjacencyList.swift"; sourceTree = "<group>"; };
		FFEDFF262F3D392400034823 /* CountComponents.swift */ = {isa = PBXFileReference; lastKnownFileType = sourcecode.swift; path = CountComponents.swift; sourceTree = "<group>"; };
		FFEDFF2A2F3F285400034823 /* TopologicalSortDFS.swift */ = {isa = PBXFileReference; lastKnownFileType = sourcecode.swift; path = TopologicalSortDFS.swift; sourceTree = "<group>"; };
		FFFBDED42DB12FAC002DC960 /* ContainerWithMostWater.swift */ = {isa = PBXFileReference; lastKnownFileType = sourcecode.swift; path = ContainerWithMostWater.swift; sourceTree = "<group>"; };
		FFFC67872F1B7C4B004FA6E2 /* PayPalProtocol.swift */ = {isa = PBXFileReference; lastKnownFileType = sourcecode.swift; path = PayPalProtocol.swift; sourceTree = "<group>"; };
		FFFC678A2F1B7EC2004FA6E2 /* StackProtocol.swift */ = {isa = PBXFileReference; lastKnownFileType = sourcecode.swift; path = StackProtocol.swift; sourceTree = "<group>"; };
		FFFC678D2F1B7EF0004FA6E2 /* MinStack.swift */ = {isa = PBXFileReference; lastKnownFileType = sourcecode.swift; path = MinStack.swift; sourceTree = "<group>"; };
		FFFC67902F1B8790004FA6E2 /* EvalRPN.swift */ = {isa = PBXFileReference; lastKnownFileType = sourcecode.swift; path = EvalRPN.swift; sourceTree = "<group>"; };
		FFFC67A52F1CC8BE004FA6E2 /* ArrayQuestions.swift */ = {isa = PBXFileReference; lastKnownFileType = sourcecode.swift; path = ArrayQuestions.swift; sourceTree = "<group>"; };
		FFFC67A82F1CC8D2004FA6E2 /* ArraySolutions.swift */ = {isa = PBXFileReference; lastKnownFileType = sourcecode.swift; path = ArraySolutions.swift; sourceTree = "<group>"; };
		FFFC67B92F1DBAE4004FA6E2 /* TreeProblems.swift */ = {isa = PBXFileReference; lastKnownFileType = sourcecode.swift; path = TreeProblems.swift; sourceTree = "<group>"; };
		FFFC67BC2F1DD86B004FA6E2 /* InsertIntoTree.swift */ = {isa = PBXFileReference; lastKnownFileType = sourcecode.swift; path = InsertIntoTree.swift; sourceTree = "<group>"; };
		FFFC67BF2F1F58AA004FA6E2 /* IsSame.swift */ = {isa = PBXFileReference; lastKnownFileType = sourcecode.swift; path = IsSame.swift; sourceTree = "<group>"; };
		FFFC67C22F1F7BA1004FA6E2 /* LevelOrder.swift */ = {isa = PBXFileReference; lastKnownFileType = sourcecode.swift; path = LevelOrder.swift; sourceTree = "<group>"; };
		FFFC67C52F20D478004FA6E2 /* Node.swift */ = {isa = PBXFileReference; lastKnownFileType = sourcecode.swift; path = Node.swift; sourceTree = "<group>"; };
		FFFC67C82F20D489004FA6E2 /* GraphsQuestions.swift */ = {isa = PBXFileReference; lastKnownFileType = sourcecode.swift; path = GraphsQuestions.swift; sourceTree = "<group>"; };
		FFFC67CB2F20D4CB004FA6E2 /* CloneGraph.swift */ = {isa = PBXFileReference; lastKnownFileType = sourcecode.swift; path = CloneGraph.swift; sourceTree = "<group>"; };
		FFFC67FC2F219BA9004FA6E2 /* Exist.swift */ = {isa = PBXFileReference; lastKnownFileType = sourcecode.swift; path = Exist.swift; sourceTree = "<group>"; };
		FFFC67FF2F21AF7D004FA6E2 /* OrangesRotting.swift */ = {isa = PBXFileReference; lastKnownFileType = sourcecode.swift; path = OrangesRotting.swift; sourceTree = "<group>"; };
		FFFC68022F22DC95004FA6E2 /* SurroundedRegions.swift */ = {isa = PBXFileReference; lastKnownFileType = sourcecode.swift; path = SurroundedRegions.swift; sourceTree = "<group>"; };
		FFFC68052F241083004FA6E2 /* UndirectedGraphCycleBFS.swift */ = {isa = PBXFileReference; lastKnownFileType = sourcecode.swift; path = UndirectedGraphCycleBFS.swift; sourceTree = "<group>"; };
		FFFC68082F242582004FA6E2 /* UndirectedGraphCycleDFS.swift */ = {isa = PBXFileReference; lastKnownFileType = sourcecode.swift; path = UndirectedGraphCycleDFS.swift; sourceTree = "<group>"; };
		FFFC680B2F242F0E004FA6E2 /* IsBipartiteBFS.swift */ = {isa = PBXFileReference; lastKnownFileType = sourcecode.swift; path = IsBipartiteBFS.swift; sourceTree = "<group>"; };
		FFFC680E2F2445D8004FA6E2 /* IsBipartiteDFS.swift */ = {isa = PBXFileReference; lastKnownFileType = sourcecode.swift; path = IsBipartiteDFS.swift; sourceTree = "<group>"; };
		FFFC68112F244B31004FA6E2 /* PossibleBipartition.swift */ = {isa = PBXFileReference; lastKnownFileType = sourcecode.swift; path = PossibleBipartition.swift; sourceTree = "<group>"; };
		FFFC68162F24C369004FA6E2 /* CycleDetectionDFSWithState.swift */ = {isa = PBXFileReference; lastKnownFileType = sourcecode.swift; path = CycleDetectionDFSWithState.swift; sourceTree = "<group>"; };
		FFFC68192F24C585004FA6E2 /* CycleDetectionDFS.swift */ = {isa = PBXFileReference; lastKnownFileType = sourcecode.swift; path = CycleDetectionDFS.swift; sourceTree = "<group>"; };
		FFFC681C2F24D00F004FA6E2 /* CanFinish.swift */ = {isa = PBXFileReference; lastKnownFileType = sourcecode.swift; path = CanFinish.swift; sourceTree = "<group>"; };
		FFFC681F2F25935B004FA6E2 /* ReverseImage.swift */ = {isa = PBXFileReference; lastKnownFileType = sourcecode.swift; path = ReverseImage.swift; sourceTree = "<group>"; };
/* End PBXFileReference section */

/* Begin PBXFrameworksBuildPhase section */
		FF5207472C89869C00B140AC /* Frameworks */ = {
			isa = PBXFrameworksBuildPhase;
			buildActionMask = 2147483647;
			files = (
				FF10444A2EFFE91400BD9741 /* Testing.framework in Frameworks */,
			);
			runOnlyForDeploymentPostprocessing = 0;
		};
		FF5207512C89869C00B140AC /* Frameworks */ = {
			isa = PBXFrameworksBuildPhase;
			buildActionMask = 2147483647;
			files = (
				FF1044472EFFE7C800BD9741 /* Test_DS.framework in Frameworks */,
			);
			runOnlyForDeploymentPostprocessing = 0;
		};
/* End PBXFrameworksBuildPhase section */

/* Begin PBXGroup section */
		FF0489782F144F790065EF5A /* Graphs */ = {
			isa = PBXGroup;
			children = (
				FFFC67C52F20D478004FA6E2 /* Node.swift */,
				FFFC67C82F20D489004FA6E2 /* GraphsQuestions.swift */,
				FF0489792F144F950065EF5A /* NumberOfIslands.swift */,
				FFEDFF152F36AA3A00034823 /* MinDepth.swift */,
				FFB6559C2F174FB600C50081 /* Graphs+SearchMatrix.swift */,
				FFFC67CB2F20D4CB004FA6E2 /* CloneGraph.swift */,
				FFFC67FC2F219BA9004FA6E2 /* Exist.swift */,
				FFFC67FF2F21AF7D004FA6E2 /* OrangesRotting.swift */,
				FFFC68022F22DC95004FA6E2 /* SurroundedRegions.swift */,
				FFEDFF182F36FA4700034823 /* FloodFill.swift */,
				FFEDFF262F3D392400034823 /* CountComponents.swift */,
				FFFC68152F244F28004FA6E2 /* Graph Cycle Detection */,
				FFFC68142F244B6D004FA6E2 /* Bipartite */,
				FFEDFF292F3F284500034823 /* Topological Sort */,
			);
			path = Graphs;
			sourceTree = "<group>";
		};
		FF10444D2F010FCF00BD9741 /* LCS */ = {
			isa = PBXGroup;
			children = (
				FF1044542F01116500BD9741 /* LCSProtocol.swift */,
				FF10444E2F01100500BD9741 /* LCSRecursive.swift */,
				FF10445A2F01D98600BD9741 /* LCSProblems.swift */,
				FFBA6FCF2F0863D6000579D5 /* LCSProblems+PrintLCS.swift */,
				FFBA6FD22F086406000579D5 /* LCSProblems+ShortestSubersequence.swift */,
				FFBA6FD52F086521000579D5 /* LCSProblems+MinInsertionAndDeletions.swift */,
				FFBA6FD82F086E5B000579D5 /* LCSProblem+LongestPalindromicSubsequence.swift */,
				FFBA6FDB2F08778D000579D5 /* LCSProblems+MinDeletions.swift */,
				FF53969F2F08D4CA00D09259 /* LCSProblems+LongestRepeatingSubsequence.swift */,
				FF5396B02F0A66C600D09259 /* LCS+LengthOfLIS.swift */,
				FFB34DD62DA7176300D2C7A8 /* LongestConsecutiveSubsequence.swift */,
			);
			path = LCS;
			sourceTree = "<group>";
		};
		FF1818A82E0484A00054F7F8 /* Frameworks */ = {
			isa = PBXGroup;
			children = (
				FF1818A92E0484A00054F7F8 /* Testing.framework */,
			);
			name = Frameworks;
			sourceTree = "<group>";
		};
		FF18D01F2E0215390054F7F8 /* Sliding Window */ = {
			isa = PBXGroup;
			children = (
				FF18D0202E0215C80054F7F8 /* README.md */,
				FF18D0222E0218A00054F7F8 /* Problem1.swift */,
				FF18D0252E0287440054F7F8 /* Problem2.swift */,
				FF1818A52E0482EB0054F7F8 /* Problem4.swift */,
			);
			path = "Sliding Window";
			sourceTree = "<group>";
		};
		FF1FC3032E24CA6700951B00 /* Linked List */ = {
			isa = PBXGroup;
			children = (
				FF1FC3042E24CA8200951B00 /* LinkedListNode.swift */,
				FF1FC3072E24CADE00951B00 /* LinkedList.swift */,
				FF1044572F0124E700BD9741 /* LinkedListProblems.swift */,
				FFEDFEE02F3592EB00034823 /* LRUCache.swift */,
			);
			path = "Linked List";
			sourceTree = "<group>";
		};
		FF230B7D2DE3C99F00AB74FC /* Binary Search  */ = {
			isa = PBXGroup;
			children = (
				FF230B7E2DE3C9BC00AB74FC /* BinarySearch .swift */,
				FF43E5FE2DE90629008815D4 /* Search2dMatrix.swift */,
				FFCBC4552DEFA2F6008F4503 /* KeyValueStore.swift */,
			);
			path = "Binary Search ";
			sourceTree = "<group>";
		};
		FF52073D2C89865200B140AC = {
			isa = PBXGroup;
			children = (
				FF52074C2C89869C00B140AC /* Test-DS */,
				FF5207582C89869C00B140AC /* Test-DSTests */,
				FF1818A82E0484A00054F7F8 /* Frameworks */,
				FF52074B2C89869C00B140AC /* Products */,
			);
			sourceTree = "<group>";
		};
		FF52074B2C89869C00B140AC /* Products */ = {
			isa = PBXGroup;
			children = (
				FF52074A2C89869C00B140AC /* Test_DS.framework */,
				FF5207542C89869C00B140AC /* Test-DSTests.xctest */,
			);
			name = Products;
			sourceTree = "<group>";
		};
		FF52074C2C89869C00B140AC /* Test-DS */ = {
			isa = PBXGroup;
			children = (
				FF5207442C89865C00B140AC /* Addition.swift */,
				FF5207642C8CD22300B140AC /* Page2.swift */,
				FF933B702CB322F800668ACE /* Page3.swift */,
				FF97D1FC2D566F24009DCDD5 /* Page4.swift */,
				FFC2103B2D861F9600A9337D /* Page5.swift */,
				FFFC67A42F1CC8AB004FA6E2 /* Arrays */,
				FFA6EB1F2DA394AC000C2D82 /* ValidateSuduko.swift */,
				FF7155582E374AC500585246 /* Two Pointers */,
				FFB34DD82DA725CB00D2C7A8 /* Playground.swift */,
				FF18D01F2E0215390054F7F8 /* Sliding Window */,
				FFAB5C572EF3415100F183EC /* Templates */,
				FFAB5C702EF3F42A00F183EC /* UnboundedKnapsack */,
				FFAB5C6F2EF3F3DF00F183EC /* ZeroOneKnapsack */,
				FF10444D2F010FCF00BD9741 /* LCS */,
				FFB124C12EDCF3AC00CD04C7 /* Backtracking */,
				FF1FC3032E24CA6700951B00 /* Linked List */,
				FF230B7D2DE3C99F00AB74FC /* Binary Search  */,
				FF0489782F144F790065EF5A /* Graphs */,
				FFAC3E4B2E39210E001214BB /* Trees */,
				FFFC67862F1B7C33004FA6E2 /* PayPal */,
				FFD10E142DD4658100C68764 /* Stack */,
				FF52074D2C89869C00B140AC /* Test_DS.h */,
				FF52074E2C89869C00B140AC /* Test_DS.docc */,
			);
			path = "Test-DS";
			sourceTree = "<group>";
		};
		FF5207582C89869C00B140AC /* Test-DSTests */ = {
			isa = PBXGroup;
			children = (
				FF2061D42E9C4FDF008DA0FA /* DiameterOfBinaryTreeTests.swift */,
				FF2061DA2E9C5B9B008DA0FA /* IsBalancedTests.swift */,
				FFBA6FCC2F077AA7000579D5 /* LCSTests.swift */,
				FF5207592C89869C00B140AC /* Test_DSTests.swift */,
				FF0CC8E42EEB824D00C5870D /* LinkedListTests.swift */,
				FF1044512F01108200BD9741 /* UnboundedKnapsackTests.swift */,
			);
			path = "Test-DSTests";
			sourceTree = "<group>";
		};
		FF7155582E374AC500585246 /* Two Pointers */ = {
			isa = PBXGroup;
			children = (
				FF7155592E374AF500585246 /* ValidPalindrome.swift */,
				FF127BDC2DAD6BE700F203EF /* TwoSum.swift */,
				FF127BDF2DAD7C8100F203EF /* ThreeSum.swift */,
				FF71555C2E374B3400585246 /* TwoPointers.swift */,
				FF71555F2E374E6D00585246 /* ValidPalindromeTests.swift */,
			);
			path = "Two Pointers";
			sourceTree = "<group>";
		};
		FFAB5C572EF3415100F183EC /* Templates */ = {
			isa = PBXGroup;
			children = (
				FFAB5C5F2EF343F000F183EC /* CodeTemplateProtocol.swift */,
				FF1044442EFFE49800BD9741 /* CodeTemplateImpl.swift */,
			);
			path = Templates;
			sourceTree = "<group>";
		};
		FFAB5C6F2EF3F3DF00F183EC /* ZeroOneKnapsack */ = {
			isa = PBXGroup;
			children = (
				FF0CC8C22EE578CF00C5870D /* KnapsackRecursive.swift */,
				FF0CC8C82EE5960200C5870D /* KnapsackTopDown.swift */,
				FF0CC8E72EEB9D4C00C5870D /* SubsetSum.swift */,
				FF0CC8ED2EEBD75E00C5870D /* EqualSumPartition.swift */,
				FF0CC8F02EEC0EA100C5870D /* CountOfSubsetSum.swift */,
				FF0CC8FA2EEE350F00C5870D /* MinSubsetSumDifference.swift */,
				FF0C00C82EF0CE3300C5870D /* CountNumSubsetsGivenDiff.swift */,
				FFAB5C512EF0D89100F183EC /* TargetSum.swift */,
				FF0CC8FD2EEEB7A200C5870D /* Permutations.swift */,
				FF0CC8C52EE57D5400C5870D /* KnapsackRecursiveTests.swift */,
				FF0CC8EA2EEBA13100C5870D /* KnapsackProblemsTests.swift */,
			);
			path = ZeroOneKnapsack;
			sourceTree = "<group>";
		};
		FFAB5C702EF3F42A00F183EC /* UnboundedKnapsack */ = {
			isa = PBXGroup;
			children = (
				FFAB5C712EF3F45200F183EC /* UnboundedKnapsack.swift */,
				FF10443C2EFE86F900BD9741 /* CoinChange-I.swift */,
				FF10443F2EFF39B000BD9741 /* CoinChange-II.swift */,
			);
			path = UnboundedKnapsack;
			sourceTree = "<group>";
		};
		FFAC3E4B2E39210E001214BB /* Trees */ = {
			isa = PBXGroup;
			children = (
				FFAF22172EC2826C000E86D4 /* Parent */,
				FF2061D72E9C5B34008DA0FA /* IsBalanced.swift */,
				FFFC67BF2F1F58AA004FA6E2 /* IsSame.swift */,
				FFFC67C22F1F7BA1004FA6E2 /* LevelOrder.swift */,
				FF69F40B2ECE7B4F00FB87D3 /* RightSideView.swift */,
				FFAF22182EC282C6000E86D4 /* InvertTree.swift */,
				FFFC67BC2F1DD86B004FA6E2 /* InsertIntoTree.swift */,
				FFAC3E4C2E392146001214BB /* KthSmallest.swift */,
				FF69F40E2ECE7B8F00FB87D3 /* RightSideViewTests.swift */,
				FFB124BE2EDBAA0100CD04C7 /* ValidBST.swift */,
				FF2061CE2E9C4B3F008DA0FA /* MaxDepth.swift */,
				FFB124BB2ED6489A00CD04C7 /* GoodNodes.swift */,
				FF2061D12E9C4B6E008DA0FA /* DiameterOfBinaryTree.swift */,
				FF0D98EB2E5C3F3800EED894 /* TreesProblemsTests.swift */,
			);
			path = Trees;
			sourceTree = "<group>";
		};
		FFAF22172EC2826C000E86D4 /* Parent */ = {
			isa = PBXGroup;
			children = (
				FFAC3E4F2E392172001214BB /* TreeNode.swift */,
				FFFC67B92F1DBAE4004FA6E2 /* TreeProblems.swift */,
				FF2061CB2E9C4B0A008DA0FA /* TreeProblemsImpl.swift */,
				FF2736832E66E0FE00E346CB /* DFS.swift */,
				FFAF465E2EC3C78E000E86D4 /* BFS.swift */,
			);
			path = Parent;
			sourceTree = "<group>";
		};
		FFB124C12EDCF3AC00CD04C7 /* Backtracking */ = {
			isa = PBXGroup;
			children = (
				FFB124C22EDCF3C700CD04C7 /* Subsets.swift */,
			);
			path = Backtracking;
			sourceTree = "<group>";
		};
		FFD10E142DD4658100C68764 /* Stack */ = {
			isa = PBXGroup;
			children = (
				FFFC678A2F1B7EC2004FA6E2 /* StackProtocol.swift */,
				FFD1BD7D2DB4CA95006BB494 /* ValidateParenthesis.swift */,
				FFFC678D2F1B7EF0004FA6E2 /* MinStack.swift */,
				FFFC67902F1B8790004FA6E2 /* EvalRPN.swift */,
				FFA067FA2DCF305B00881478 /* DailyTemperature.swift */,
				FFA067FD2DCFFC8500881478 /* CarFleet.swift */,
				FFFBDED42DB12FAC002DC960 /* ContainerWithMostWater.swift */,
				FFA067F72DCF211000881478 /* TrappingRainWater.swift */,
			);
			path = Stack;
			sourceTree = "<group>";
		};
		FFEDFF292F3F284500034823 /* Topological Sort */ = {
			isa = PBXGroup;
			children = (
				FFEDFF2A2F3F285400034823 /* TopologicalSortDFS.swift */,
			);
			path = "Topological Sort";
			sourceTree = "<group>";
		};
		FFFC67862F1B7C33004FA6E2 /* PayPal */ = {
			isa = PBXGroup;
			children = (
				FFFC67872F1B7C4B004FA6E2 /* PayPalProtocol.swift */,
			);
			path = PayPal;
			sourceTree = "<group>";
		};
		FFFC67A42F1CC8AB004FA6E2 /* Arrays */ = {
			isa = PBXGroup;
			children = (
				FFFC67A52F1CC8BE004FA6E2 /* ArrayQuestions.swift */,
				FFFC67A82F1CC8D2004FA6E2 /* ArraySolutions.swift */,
				FFFC681F2F25935B004FA6E2 /* ReverseImage.swift */,
				FFEDFF202F3C34EB00034823 /* String+ReverseNumber.swift */,
			);
			path = Arrays;
			sourceTree = "<group>";
		};
		FFFC68142F244B6D004FA6E2 /* Bipartite */ = {
			isa = PBXGroup;
			children = (
				FFFC680B2F242F0E004FA6E2 /* IsBipartiteBFS.swift */,
				FFFC680E2F2445D8004FA6E2 /* IsBipartiteDFS.swift */,
				FFFC68112F244B31004FA6E2 /* PossibleBipartition.swift */,
			);
			path = Bipartite;
			sourceTree = "<group>";
		};
		FFFC68152F244F28004FA6E2 /* Graph Cycle Detection */ = {
			isa = PBXGroup;
			children = (
				FFFC68052F241083004FA6E2 /* UndirectedGraphCycleBFS.swift */,
				FFFC68082F242582004FA6E2 /* UndirectedGraphCycleDFS.swift */,
				FFFC68192F24C585004FA6E2 /* CycleDetectionDFS.swift */,
				FFFC68162F24C369004FA6E2 /* CycleDetectionDFSWithState.swift */,
				FFFC681C2F24D00F004FA6E2 /* CanFinish.swift */,
				FFEDFF232F3D386700034823 /* Graph+AdjacencyList.swift */,
			);
			path = "Graph Cycle Detection";
			sourceTree = "<group>";
		};
/* End PBXGroup section */

/* Begin PBXHeadersBuildPhase section */
		FF5207452C89869C00B140AC /* Headers */ = {
			isa = PBXHeadersBuildPhase;
			buildActionMask = 2147483647;
			files = (
				FF52075B2C89869C00B140AC /* Test_DS.h in Headers */,
			);
			runOnlyForDeploymentPostprocessing = 0;
		};
/* End PBXHeadersBuildPhase section */

/* Begin PBXNativeTarget section */
		FF5207492C89869C00B140AC /* Test-DS */ = {
			isa = PBXNativeTarget;
			buildConfigurationList = FF52075C2C89869C00B140AC /* Build configuration list for PBXNativeTarget "Test-DS" */;
			buildPhases = (
				FF5207452C89869C00B140AC /* Headers */,
				FF5207462C89869C00B140AC /* Sources */,
				FF5207472C89869C00B140AC /* Frameworks */,
				FF5207482C89869C00B140AC /* Resources */,
				FF10444C2EFFE91400BD9741 /* Embed Frameworks */,
			);
			buildRules = (
			);
			dependencies = (
			);
			name = "Test-DS";
			productName = "Test-DS";
			productReference = FF52074A2C89869C00B140AC /* Test_DS.framework */;
			productType = "com.apple.product-type.framework";
		};
		FF5207532C89869C00B140AC /* Test-DSTests */ = {
			isa = PBXNativeTarget;
			buildConfigurationList = FF52075F2C89869C00B140AC /* Build configuration list for PBXNativeTarget "Test-DSTests" */;
			buildPhases = (
				FF5207502C89869C00B140AC /* Sources */,
				FF5207512C89869C00B140AC /* Frameworks */,
				FF5207522C89869C00B140AC /* Resources */,
				FF1044492EFFE7C800BD9741 /* Embed Frameworks */,
			);
			buildRules = (
			);
			dependencies = (
				FF5207572C89869C00B140AC /* PBXTargetDependency */,
			);
			name = "Test-DSTests";
			productName = "Test-DSTests";
			productReference = FF5207542C89869C00B140AC /* Test-DSTests.xctest */;
			productType = "com.apple.product-type.bundle.unit-test";
		};
/* End PBXNativeTarget section */

/* Begin PBXProject section */
		FF52073E2C89865200B140AC /* Project object */ = {
			isa = PBXProject;
			attributes = {
				BuildIndependentTargetsInParallel = 1;
				LastSwiftUpdateCheck = 2610;
				LastUpgradeCheck = 1620;
				TargetAttributes = {
					FF5207492C89869C00B140AC = {
						CreatedOnToolsVersion = 15.2;
					};
					FF5207532C89869C00B140AC = {
						CreatedOnToolsVersion = 15.2;
					};
				};
			};
			buildConfigurationList = FF5207412C89865200B140AC /* Build configuration list for PBXProject "Test-DS" */;
			compatibilityVersion = "Xcode 15.0";
			developmentRegion = en;
			hasScannedForEncodings = 0;
			knownRegions = (
				en,
				Base,
			);
			mainGroup = FF52073D2C89865200B140AC;
			productRefGroup = FF52074B2C89869C00B140AC /* Products */;
			projectDirPath = "";
			projectRoot = "";
			targets = (
				FF5207492C89869C00B140AC /* Test-DS */,
				FF5207532C89869C00B140AC /* Test-DSTests */,
			);
		};
/* End PBXProject section */

/* Begin PBXResourcesBuildPhase section */
		FF5207482C89869C00B140AC /* Resources */ = {
			isa = PBXResourcesBuildPhase;
			buildActionMask = 2147483647;
			files = (
			);
			runOnlyForDeploymentPostprocessing = 0;
		};
		FF5207522C89869C00B140AC /* Resources */ = {
			isa = PBXResourcesBuildPhase;
			buildActionMask = 2147483647;
			files = (
			);
			runOnlyForDeploymentPostprocessing = 0;
		};
/* End PBXResourcesBuildPhase section */

/* Begin PBXSourcesBuildPhase section */
		FF5207462C89869C00B140AC /* Sources */ = {
			isa = PBXSourcesBuildPhase;
			buildActionMask = 2147483647;
			files = (
				FF69F40C2ECE7B4F00FB87D3 /* RightSideView.swift in Sources */,
				FFFC68062F241083004FA6E2 /* UndirectedGraphCycleBFS.swift in Sources */,
				FF2061D82E9C5B34008DA0FA /* IsBalanced.swift in Sources */,
				FFFC67A92F1CC8D2004FA6E2 /* ArraySolutions.swift in Sources */,
				FFEDFF212F3C34EB00034823 /* String+ReverseNumber.swift in Sources */,
				FF0CC8FE2EEEB7A200C5870D /* Permutations.swift in Sources */,
				FFEDFF192F36FA4700034823 /* FloodFill.swift in Sources */,
				FFFC678F2F1B7EF0004FA6E2 /* MinStack.swift in Sources */,
				FFFC67C72F20D478004FA6E2 /* Node.swift in Sources */,
				FFAF22192EC282C6000E86D4 /* InvertTree.swift in Sources */,
				FFEDFEE12F3592EB00034823 /* LRUCache.swift in Sources */,
				FF0CC8F22EEC0EA100C5870D /* CountOfSubsetSum.swift in Sources */,
				FFFC68202F25935B004FA6E2 /* ReverseImage.swift in Sources */,
				FF5396B12F0A66C600D09259 /* LCS+LengthOfLIS.swift in Sources */,
				FF5396A02F08D4CA00D09259 /* LCSProblems+LongestRepeatingSubsequence.swift in Sources */,
				FFAB5C532EF0D89100F183EC /* TargetSum.swift in Sources */,
				FF2061DB2E9C5B9B008DA0FA /* IsBalancedTests.swift in Sources */,
				FF1FC3092E24CADE00951B00 /* LinkedList.swift in Sources */,
				FFFC67892F1B7C4B004FA6E2 /* PayPalProtocol.swift in Sources */,
				FF2736852E66E0FE00E346CB /* DFS.swift in Sources */,
				FF1FC3062E24CA8200951B00 /* LinkedListNode.swift in Sources */,
				FF1044582F0124E700BD9741 /* LinkedListProblems.swift in Sources */,
				FF0CC8E82EEB9D4C00C5870D /* SubsetSum.swift in Sources */,
				FF0CC8CA2EE5960200C5870D /* KnapsackTopDown.swift in Sources */,
				FFB6559E2F174FB600C50081 /* Graphs+SearchMatrix.swift in Sources */,
				FFEDFF172F36AA3A00034823 /* MinDepth.swift in Sources */,
				FFFC67A62F1CC8BE004FA6E2 /* ArrayQuestions.swift in Sources */,
				FFB124BD2ED6489A00CD04C7 /* GoodNodes.swift in Sources */,
				FFFC68002F21AF7D004FA6E2 /* OrangesRotting.swift in Sources */,
				FF04897B2F144F950065EF5A /* NumberOfIslands.swift in Sources */,
				FF10445C2F01D98600BD9741 /* LCSProblems.swift in Sources */,
				FF10443D2EFE86F900BD9741 /* CoinChange-I.swift in Sources */,
				FFBA6FD92F086E5B000579D5 /* LCSProblem+LongestPalindromicSubsequence.swift in Sources */,
				FFEDFF1F2F3C182800034823 /* Playground.swift in Sources */,
				FFFC67C02F1F58AA004FA6E2 /* IsSame.swift in Sources */,
				FFCBC4572DEFA2F6008F4503 /* KeyValueStore.swift in Sources */,
				FF2061CD2E9C4B0A008DA0FA /* TreeProblemsImpl.swift in Sources */,
				FFA067F92DCF211000881478 /* TrappingRainWater.swift in Sources */,
				FFFC68182F24C369004FA6E2 /* CycleDetectionDFSWithState.swift in Sources */,
				FFFC68102F2445D8004FA6E2 /* IsBipartiteDFS.swift in Sources */,
				FFFC67912F1B8790004FA6E2 /* EvalRPN.swift in Sources */,
				FFBA6FD32F086406000579D5 /* LCSProblems+ShortestSubersequence.swift in Sources */,
				FF2061D62E9C4FDF008DA0FA /* DiameterOfBinaryTreeTests.swift in Sources */,
				FF52074F2C89869C00B140AC /* Test_DS.docc in Sources */,
				FF18D0242E0218A00054F7F8 /* Problem1.swift in Sources */,
				FFEDFF2C2F3F285400034823 /* TopologicalSortDFS.swift in Sources */,
				FF2061D02E9C4B3F008DA0FA /* MaxDepth.swift in Sources */,
				FF1044402EFF39B000BD9741 /* CoinChange-II.swift in Sources */,
				FFA067FF2DCFFC8500881478 /* CarFleet.swift in Sources */,
				FF0CC8EC2EEBA13100C5870D /* KnapsackProblemsTests.swift in Sources */,
				FF0C00CA2EF0CE3300C5870D /* CountNumSubsetsGivenDiff.swift in Sources */,
				FF0CC8C32EE578CF00C5870D /* KnapsackRecursive.swift in Sources */,
				FFFC680D2F242F0E004FA6E2 /* IsBipartiteBFS.swift in Sources */,
				FFAC3E512E392172001214BB /* TreeNode.swift in Sources */,
				FFAC3E4E2E392146001214BB /* KthSmallest.swift in Sources */,
				FF7155602E374E6D00585246 /* ValidPalindromeTests.swift in Sources */,
				FF69F40F2ECE7B8F00FB87D3 /* RightSideViewTests.swift in Sources */,
				FF2061D32E9C4B6E008DA0FA /* DiameterOfBinaryTree.swift in Sources */,
				FFBA6FDC2F08778D000579D5 /* LCSProblems+MinDeletions.swift in Sources */,
				FFB124C42EDCF3C700CD04C7 /* Subsets.swift in Sources */,
				FFBA6FCE2F077AA7000579D5 /* LCSTests.swift in Sources */,
				FF71555B2E374AF500585246 /* ValidPalindrome.swift in Sources */,
				FFFC67BB2F1DBAE4004FA6E2 /* TreeProblems.swift in Sources */,
				FF0CC8E52EEB824D00C5870D /* LinkedListTests.swift in Sources */,
				FFFC67C92F20D489004FA6E2 /* GraphsQuestions.swift in Sources */,
				FF0CC8FC2EEE350F00C5870D /* MinSubsetSumDifference.swift in Sources */,
				FF0CC8C62EE57D5400C5870D /* KnapsackRecursiveTests.swift in Sources */,
				FFFC67FD2F219BA9004FA6E2 /* Exist.swift in Sources */,
				FFFC68122F244B31004FA6E2 /* PossibleBipartition.swift in Sources */,
				FFB124C02EDBAA0100CD04C7 /* ValidBST.swift in Sources */,
				FFFC681B2F24C585004FA6E2 /* CycleDetectionDFS.swift in Sources */,
				FFFC67932F1B87C3004FA6E2 /* ValidateParenthesis.swift in Sources */,
				FF0D98EC2E5C3F3800EED894 /* TreesProblemsTests.swift in Sources */,
				FF1818A72E0482EB0054F7F8 /* Problem4.swift in Sources */,
				FFEDFF242F3D386700034823 /* Graph+AdjacencyList.swift in Sources */,
				FFFC681E2F24D00F004FA6E2 /* CanFinish.swift in Sources */,
				FFFC68092F242582004FA6E2 /* UndirectedGraphCycleDFS.swift in Sources */,
				FFAB5C612EF343F000F183EC /* CodeTemplateProtocol.swift in Sources */,
				FFFC68042F22DC95004FA6E2 /* SurroundedRegions.swift in Sources */,
				FF1044462EFFE49800BD9741 /* CodeTemplateImpl.swift in Sources */,
				FF10444F2F01100500BD9741 /* LCSRecursive.swift in Sources */,
				FF1044522F01108200BD9741 /* UnboundedKnapsackTests.swift in Sources */,
				FF1044562F01116500BD9741 /* LCSProtocol.swift in Sources */,
				FF5207622C89871100B140AC /* Addition.swift in Sources */,
				FFFC67CD2F20D4CB004FA6E2 /* CloneGraph.swift in Sources */,
				FFFC67C32F1F7BA1004FA6E2 /* LevelOrder.swift in Sources */,
				FFFC67BE2F1DD86B004FA6E2 /* InsertIntoTree.swift in Sources */,
				FF0CC8EE2EEBD75E00C5870D /* EqualSumPartition.swift in Sources */,
				FFEDFF282F3D392400034823 /* CountComponents.swift in Sources */,
				FF71555E2E374B3400585246 /* TwoPointers.swift in Sources */,
				FFFC678C2F1B7EC2004FA6E2 /* StackProtocol.swift in Sources */,
				FFBA6FD62F086521000579D5 /* LCSProblems+MinInsertionAndDeletions.swift in Sources */,
				FFBA6FD02F0863D6000579D5 /* LCSProblems+PrintLCS.swift in Sources */,
				FFAB5C732EF3F45200F183EC /* UnboundedKnapsack.swift in Sources */,
				FFAF465F2EC3C78E000E86D4 /* BFS.swift in Sources */,
			);
			runOnlyForDeploymentPostprocessing = 0;
		};
		FF5207502C89869C00B140AC /* Sources */ = {
			isa = PBXSourcesBuildPhase;
			buildActionMask = 2147483647;
			files = (
				FFFC68212F25935B004FA6E2 /* ReverseImage.swift in Sources */,
				FF2061D22E9C4B6E008DA0FA /* DiameterOfBinaryTree.swift in Sources */,
				FF1FC3052E24CA8200951B00 /* LinkedListNode.swift in Sources */,
				FF04897A2F144F950065EF5A /* NumberOfIslands.swift in Sources */,
				FFFC68012F21AF7D004FA6E2 /* OrangesRotting.swift in Sources */,
				FFB124BC2ED6489A00CD04C7 /* GoodNodes.swift in Sources */,
				FF43E5FF2DE90629008815D4 /* Search2dMatrix.swift in Sources */,
				FFA067FB2DCF305B00881478 /* DailyTemperature.swift in Sources */,
				FFAB5C602EF343F000F183EC /* CodeTemplateProtocol.swift in Sources */,
				FF69F4102ECE7B8F00FB87D3 /* RightSideViewTests.swift in Sources */,
				FF1044502F01100500BD9741 /* LCSRecursive.swift in Sources */,
				FF71555A2E374AF500585246 /* ValidPalindrome.swift in Sources */,
				FF2061CF2E9C4B3F008DA0FA /* MaxDepth.swift in Sources */,
				FFFC678E2F1B7EF0004FA6E2 /* MinStack.swift in Sources */,
				FFFC67C42F1F7BA1004FA6E2 /* LevelOrder.swift in Sources */,
				FF2061D92E9C5B34008DA0FA /* IsBalanced.swift in Sources */,
				FFFC681D2F24D00F004FA6E2 /* CanFinish.swift in Sources */,
				FF69F40D2ECE7B4F00FB87D3 /* RightSideView.swift in Sources */,
				FFFC67A72F1CC8BE004FA6E2 /* ArrayQuestions.swift in Sources */,
				FF1044412EFF39B000BD9741 /* CoinChange-II.swift in Sources */,
				FFFC67922F1B8790004FA6E2 /* EvalRPN.swift in Sources */,
				FFEDFF2B2F3F285400034823 /* TopologicalSortDFS.swift in Sources */,
				FF0CC8C72EE57D5400C5870D /* KnapsackRecursiveTests.swift in Sources */,
				FF52075A2C89869C00B140AC /* Test_DSTests.swift in Sources */,
				FFEDFF252F3D386700034823 /* Graph+AdjacencyList.swift in Sources */,
				FFBA6FDA2F086E5B000579D5 /* LCSProblem+LongestPalindromicSubsequence.swift in Sources */,
				FFFC67CC2F20D4CB004FA6E2 /* CloneGraph.swift in Sources */,
				FF71555D2E374B3400585246 /* TwoPointers.swift in Sources */,
				FFAC3E502E392172001214BB /* TreeNode.swift in Sources */,
				FFEDFF272F3D392400034823 /* CountComponents.swift in Sources */,
				FFFC68132F244B31004FA6E2 /* PossibleBipartition.swift in Sources */,
				FF1FC3082E24CADE00951B00 /* LinkedList.swift in Sources */,
				FF2736842E66E0FE00E346CB /* DFS.swift in Sources */,
				FF127BE02DAD7C8100F203EF /* ThreeSum.swift in Sources */,
				FF0CC8E62EEB824D00C5870D /* LinkedListTests.swift in Sources */,
				FFAC3E4D2E392146001214BB /* KthSmallest.swift in Sources */,
				FF0CC8C42EE578CF00C5870D /* KnapsackRecursive.swift in Sources */,
				FFC2103C2D861F9600A9337D /* Page5.swift in Sources */,
				FFBA6FD42F086406000579D5 /* LCSProblems+ShortestSubersequence.swift in Sources */,
				FFFC67882F1B7C4B004FA6E2 /* PayPalProtocol.swift in Sources */,
				FFFC67C62F20D478004FA6E2 /* Node.swift in Sources */,
				FFFC68032F22DC95004FA6E2 /* SurroundedRegions.swift in Sources */,
				FFBA6FDD2F08778D000579D5 /* LCSProblems+MinDeletions.swift in Sources */,
				FF5207652C8CD22300B140AC /* Page2.swift in Sources */,
				FFAF46602EC3C78E000E86D4 /* BFS.swift in Sources */,
				FFFC681A2F24C585004FA6E2 /* CycleDetectionDFS.swift in Sources */,
				FFFC680C2F242F0E004FA6E2 /* IsBipartiteBFS.swift in Sources */,
				FFAB5C722EF3F45200F183EC /* UnboundedKnapsack.swift in Sources */,
				FFFBDED52DB12FAC002DC960 /* ContainerWithMostWater.swift in Sources */,
				FFEDFF1A2F36FA4700034823 /* FloodFill.swift in Sources */,
				FF10445B2F01D98600BD9741 /* LCSProblems.swift in Sources */,
				FF0C00C92EF0CE3300C5870D /* CountNumSubsetsGivenDiff.swift in Sources */,
				FF0D98ED2E5C3F3800EED894 /* TreesProblemsTests.swift in Sources */,
				FF1044452EFFE49800BD9741 /* CodeTemplateImpl.swift in Sources */,
				FF5396B22F0A66C600D09259 /* LCS+LengthOfLIS.swift in Sources */,
				FF2061D52E9C4FDF008DA0FA /* DiameterOfBinaryTreeTests.swift in Sources */,
				FFFC67BA2F1DBAE4004FA6E2 /* TreeProblems.swift in Sources */,
				FFFC680F2F2445D8004FA6E2 /* IsBipartiteDFS.swift in Sources */,
				FF0CC8FF2EEEB7A200C5870D /* Permutations.swift in Sources */,
				FF933B712CB322F800668ACE /* Page3.swift in Sources */,
				FFAB5C522EF0D89100F183EC /* TargetSum.swift in Sources */,
				FFFC68072F241083004FA6E2 /* UndirectedGraphCycleBFS.swift in Sources */,
				FF127BDD2DAD6BE700F203EF /* TwoSum.swift in Sources */,
				FFAF221A2EC282C6000E86D4 /* InvertTree.swift in Sources */,
				FF18D0232E0218A00054F7F8 /* Problem1.swift in Sources */,
				FFBA6FD12F0863D6000579D5 /* LCSProblems+PrintLCS.swift in Sources */,
				FF230B7F2DE3C9BC00AB74FC /* BinarySearch .swift in Sources */,
				FF1818A62E0482EB0054F7F8 /* Problem4.swift in Sources */,
				FFA067F82DCF211000881478 /* TrappingRainWater.swift in Sources */,
				FFFC67AA2F1CC8D2004FA6E2 /* ArraySolutions.swift in Sources */,
				FF1044592F0124E700BD9741 /* LinkedListProblems.swift in Sources */,
				FFFC678B2F1B7EC2004FA6E2 /* StackProtocol.swift in Sources */,
				FFD1BD7E2DB4CA95006BB494 /* ValidateParenthesis.swift in Sources */,
				FFBA6FD72F086521000579D5 /* LCSProblems+MinInsertionAndDeletions.swift in Sources */,
				FFA6EB202DA394AC000C2D82 /* ValidateSuduko.swift in Sources */,
				FFA067FE2DCFFC8500881478 /* CarFleet.swift in Sources */,
				FFFC67C12F1F58AA004FA6E2 /* IsSame.swift in Sources */,
				FFEDFF162F36AA3A00034823 /* MinDepth.swift in Sources */,
				FFB6559D2F174FB600C50081 /* Graphs+SearchMatrix.swift in Sources */,
				FFFC67FE2F219BA9004FA6E2 /* Exist.swift in Sources */,
				FF0CC8E92EEB9D4C00C5870D /* SubsetSum.swift in Sources */,
				FF2061DC2E9C5B9B008DA0FA /* IsBalancedTests.swift in Sources */,
				FF0CC8C92EE5960200C5870D /* KnapsackTopDown.swift in Sources */,
				FF18D0272E0287440054F7F8 /* Problem2.swift in Sources */,
				FF10443E2EFE86F900BD9741 /* CoinChange-I.swift in Sources */,
				FF0CC8EF2EEBD75E00C5870D /* EqualSumPartition.swift in Sources */,
				FFFC67CA2F20D489004FA6E2 /* GraphsQuestions.swift in Sources */,
				FFB124C32EDCF3C700CD04C7 /* Subsets.swift in Sources */,
				FFEDFF222F3C34EB00034823 /* String+ReverseNumber.swift in Sources */,
				FF0CC8F12EEC0EA100C5870D /* CountOfSubsetSum.swift in Sources */,
				FFB124BF2EDBAA0100CD04C7 /* ValidBST.swift in Sources */,
				FFFC680A2F242582004FA6E2 /* UndirectedGraphCycleDFS.swift in Sources */,
				FF0CC8FB2EEE350F00C5870D /* MinSubsetSumDifference.swift in Sources */,
				FF97D1FD2D566F24009DCDD5 /* Page4.swift in Sources */,
				FF5396A12F08D4CA00D09259 /* LCSProblems+LongestRepeatingSubsequence.swift in Sources */,
				FF2061CC2E9C4B0A008DA0FA /* TreeProblemsImpl.swift in Sources */,
				FFFC68172F24C369004FA6E2 /* CycleDetectionDFSWithState.swift in Sources */,
				FF1044552F01116500BD9741 /* LCSProtocol.swift in Sources */,
				FF7155612E374E6D00585246 /* ValidPalindromeTests.swift in Sources */,
				FF0CC8EB2EEBA13100C5870D /* KnapsackProblemsTests.swift in Sources */,
				FFEDFEE22F3592EB00034823 /* LRUCache.swift in Sources */,
				FFBA6FCD2F077AA7000579D5 /* LCSTests.swift in Sources */,
				FFFC67BD2F1DD86B004FA6E2 /* InsertIntoTree.swift in Sources */,
				FFB34DD72DA7176300D2C7A8 /* LongestConsecutiveSubsequence.swift in Sources */,
				FF1044532F01108200BD9741 /* UnboundedKnapsackTests.swift in Sources */,
				FFCBC4562DEFA2F6008F4503 /* KeyValueStore.swift in Sources */,
			);
			runOnlyForDeploymentPostprocessing = 0;
		};
/* End PBXSourcesBuildPhase section */

/* Begin PBXTargetDependency section */
		FF5207572C89869C00B140AC /* PBXTargetDependency */ = {
			isa = PBXTargetDependency;
			target = FF5207492C89869C00B140AC /* Test-DS */;
			targetProxy = FF5207562C89869C00B140AC /* PBXContainerItemProxy */;
		};
/* End PBXTargetDependency section */

/* Begin XCBuildConfiguration section */
		FF5207422C89865200B140AC /* Debug */ = {
			isa = XCBuildConfiguration;
			buildSettings = {
				CLANG_WARN_BLOCK_CAPTURE_AUTORELEASING = YES;
				CLANG_WARN_BOOL_CONVERSION = YES;
				CLANG_WARN_COMMA = YES;
				CLANG_WARN_CONSTANT_CONVERSION = YES;
				CLANG_WARN_DEPRECATED_OBJC_IMPLEMENTATIONS = YES;
				CLANG_WARN_EMPTY_BODY = YES;
				CLANG_WARN_ENUM_CONVERSION = YES;
				CLANG_WARN_INFINITE_RECURSION = YES;
				CLANG_WARN_INT_CONVERSION = YES;
				CLANG_WARN_NON_LITERAL_NULL_CONVERSION = YES;
				CLANG_WARN_OBJC_IMPLICIT_RETAIN_SELF = YES;
				CLANG_WARN_OBJC_LITERAL_CONVERSION = YES;
				CLANG_WARN_QUOTED_INCLUDE_IN_FRAMEWORK_HEADER = YES;
				CLANG_WARN_RANGE_LOOP_ANALYSIS = YES;
				CLANG_WARN_STRICT_PROTOTYPES = YES;
				CLANG_WARN_SUSPICIOUS_MOVE = YES;
				CLANG_WARN_UNREACHABLE_CODE = YES;
				CLANG_WARN__DUPLICATE_METHOD_MATCH = YES;
				DEAD_CODE_STRIPPING = YES;
				ENABLE_STRICT_OBJC_MSGSEND = YES;
				ENABLE_TESTABILITY = YES;
				GCC_NO_COMMON_BLOCKS = YES;
				GCC_WARN_64_TO_32_BIT_CONVERSION = YES;
				GCC_WARN_ABOUT_RETURN_TYPE = YES;
				GCC_WARN_UNDECLARED_SELECTOR = YES;
				GCC_WARN_UNINITIALIZED_AUTOS = YES;
				GCC_WARN_UNUSED_FUNCTION = YES;
				GCC_WARN_UNUSED_VARIABLE = YES;
				ONLY_ACTIVE_ARCH = YES;
				SWIFT_VERSION = 6.0;
			};
			name = Debug;
		};
		FF5207432C89865200B140AC /* Release */ = {
			isa = XCBuildConfiguration;
			buildSettings = {
				CLANG_WARN_BLOCK_CAPTURE_AUTORELEASING = YES;
				CLANG_WARN_BOOL_CONVERSION = YES;
				CLANG_WARN_COMMA = YES;
				CLANG_WARN_CONSTANT_CONVERSION = YES;
				CLANG_WARN_DEPRECATED_OBJC_IMPLEMENTATIONS = YES;
				CLANG_WARN_EMPTY_BODY = YES;
				CLANG_WARN_ENUM_CONVERSION = YES;
				CLANG_WARN_INFINITE_RECURSION = YES;
				CLANG_WARN_INT_CONVERSION = YES;
				CLANG_WARN_NON_LITERAL_NULL_CONVERSION = YES;
				CLANG_WARN_OBJC_IMPLICIT_RETAIN_SELF = YES;
				CLANG_WARN_OBJC_LITERAL_CONVERSION = YES;
				CLANG_WARN_QUOTED_INCLUDE_IN_FRAMEWORK_HEADER = YES;
				CLANG_WARN_RANGE_LOOP_ANALYSIS = YES;
				CLANG_WARN_STRICT_PROTOTYPES = YES;
				CLANG_WARN_SUSPICIOUS_MOVE = YES;
				CLANG_WARN_UNREACHABLE_CODE = YES;
				CLANG_WARN__DUPLICATE_METHOD_MATCH = YES;
				DEAD_CODE_STRIPPING = YES;
				ENABLE_STRICT_OBJC_MSGSEND = YES;
				ENABLE_TESTABILITY = YES;
				GCC_NO_COMMON_BLOCKS = YES;
				GCC_WARN_64_TO_32_BIT_CONVERSION = YES;
				GCC_WARN_ABOUT_RETURN_TYPE = YES;
				GCC_WARN_UNDECLARED_SELECTOR = YES;
				GCC_WARN_UNINITIALIZED_AUTOS = YES;
				GCC_WARN_UNUSED_FUNCTION = YES;
				GCC_WARN_UNUSED_VARIABLE = YES;
				SWIFT_VERSION = 6.0;
			};
			name = Release;
		};
		FF52075D2C89869C00B140AC /* Debug */ = {
			isa = XCBuildConfiguration;
			buildSettings = {
				ALWAYS_EMBED_SWIFT_STANDARD_LIBRARIES = YES;
				ALWAYS_SEARCH_USER_PATHS = NO;
				ASSETCATALOG_COMPILER_GENERATE_SWIFT_ASSET_SYMBOL_EXTENSIONS = YES;
				CLANG_ANALYZER_NONNULL = YES;
				CLANG_ANALYZER_NUMBER_OBJECT_CONVERSION = YES_AGGRESSIVE;
				CLANG_CXX_LANGUAGE_STANDARD = "compiler-default";
				CLANG_ENABLE_MODULES = YES;
				CLANG_ENABLE_OBJC_ARC = YES;
				CLANG_ENABLE_OBJC_WEAK = YES;
				CLANG_WARN_BLOCK_CAPTURE_AUTORELEASING = YES;
				CLANG_WARN_BOOL_CONVERSION = YES;
				CLANG_WARN_COMMA = YES;
				CLANG_WARN_CONSTANT_CONVERSION = YES;
				CLANG_WARN_DEPRECATED_OBJC_IMPLEMENTATIONS = YES;
				CLANG_WARN_DIRECT_OBJC_ISA_USAGE = YES_ERROR;
				CLANG_WARN_DOCUMENTATION_COMMENTS = YES;
				CLANG_WARN_EMPTY_BODY = YES;
				CLANG_WARN_ENUM_CONVERSION = YES;
				CLANG_WARN_INFINITE_RECURSION = YES;
				CLANG_WARN_INT_CONVERSION = YES;
				CLANG_WARN_NON_LITERAL_NULL_CONVERSION = YES;
				CLANG_WARN_OBJC_IMPLICIT_RETAIN_SELF = YES;
				CLANG_WARN_OBJC_LITERAL_CONVERSION = YES;
				CLANG_WARN_OBJC_ROOT_CLASS = YES_ERROR;
				CLANG_WARN_QUOTED_INCLUDE_IN_FRAMEWORK_HEADER = YES;
				CLANG_WARN_RANGE_LOOP_ANALYSIS = YES;
				CLANG_WARN_STRICT_PROTOTYPES = YES;
				CLANG_WARN_SUSPICIOUS_MOVE = YES;
				CLANG_WARN_UNGUARDED_AVAILABILITY = YES_AGGRESSIVE;
				CLANG_WARN_UNREACHABLE_CODE = YES;
				CLANG_WARN__DUPLICATE_METHOD_MATCH = YES;
				CODE_SIGN_IDENTITY = "";
				CODE_SIGN_STYLE = Automatic;
				COPY_PHASE_STRIP = NO;
				CURRENT_PROJECT_VERSION = 1;
				DEAD_CODE_STRIPPING = YES;
				DEBUG_INFORMATION_FORMAT = dwarf;
				DEFINES_MODULE = YES;
				DEVELOPMENT_ASSET_PATHS = "";
				DEVELOPMENT_TEAM = L7L29RXQWH;
				DYLIB_COMPATIBILITY_VERSION = 1;
				DYLIB_CURRENT_VERSION = 1;
				DYLIB_INSTALL_NAME_BASE = "@rpath";
				ENABLE_MODULE_VERIFIER = YES;
				ENABLE_STRICT_OBJC_MSGSEND = YES;
				ENABLE_TESTABILITY = YES;
				ENABLE_USER_SCRIPT_SANDBOXING = YES;
				GCC_C_LANGUAGE_STANDARD = "compiler-default";
				GCC_DYNAMIC_NO_PIC = NO;
				GCC_NO_COMMON_BLOCKS = YES;
				GCC_OPTIMIZATION_LEVEL = 0;
				GCC_PREPROCESSOR_DEFINITIONS = (
					"DEBUG=1",
					"$(inherited)",
				);
				GCC_WARN_64_TO_32_BIT_CONVERSION = YES;
				GCC_WARN_ABOUT_RETURN_TYPE = YES_ERROR;
				GCC_WARN_UNDECLARED_SELECTOR = YES;
				GCC_WARN_UNINITIALIZED_AUTOS = YES_AGGRESSIVE;
				GCC_WARN_UNUSED_FUNCTION = YES;
				GCC_WARN_UNUSED_VARIABLE = YES;
				GENERATE_INFOPLIST_FILE = YES;
				INFOPLIST_KEY_NSHumanReadableCopyright = "";
				INSTALL_PATH = "$(LOCAL_LIBRARY_DIR)/Frameworks";
				IPHONEOS_DEPLOYMENT_TARGET = 26.0;
				LD_RUNPATH_SEARCH_PATHS = (
					"@executable_path/Frameworks",
					"@loader_path/Frameworks",
				);
				"LD_RUNPATH_SEARCH_PATHS[sdk=macosx*]" = (
					"@executable_path/../Frameworks",
					"@loader_path/Frameworks",
				);
				LOCALIZATION_PREFERS_STRING_CATALOGS = YES;
				MACOSX_DEPLOYMENT_TARGET = 26.0;
				MARKETING_VERSION = 1.0;
				MODULE_VERIFIER_SUPPORTED_LANGUAGES = "objective-c objective-c++";
				MODULE_VERIFIER_SUPPORTED_LANGUAGE_STANDARDS = "gnu17 gnu++20";
				MTL_ENABLE_DEBUG_INFO = INCLUDE_SOURCE;
				MTL_FAST_MATH = YES;
				ONLY_ACTIVE_ARCH = YES;
				PRODUCT_BUNDLE_IDENTIFIER = "com.apple.Test-DS";
				PRODUCT_NAME = "$(TARGET_NAME:c99extidentifier)";
				SDKROOT = auto;
				SKIP_INSTALL = YES;
				SUPPORTED_PLATFORMS = macosx;
				SUPPORTS_MACCATALYST = NO;
				SWIFT_ACTIVE_COMPILATION_CONDITIONS = "DEBUG $(inherited)";
				SWIFT_EMIT_LOC_STRINGS = YES;
				SWIFT_OPTIMIZATION_LEVEL = "-Onone";
				SWIFT_VERSION = 6.0;
				VERSIONING_SYSTEM = "apple-generic";
				VERSION_INFO_PREFIX = "";
			};
			name = Debug;
		};
		FF52075E2C89869C00B140AC /* Release */ = {
			isa = XCBuildConfiguration;
			buildSettings = {
				ALWAYS_EMBED_SWIFT_STANDARD_LIBRARIES = YES;
				ALWAYS_SEARCH_USER_PATHS = NO;
				ASSETCATALOG_COMPILER_GENERATE_SWIFT_ASSET_SYMBOL_EXTENSIONS = YES;
				CLANG_ANALYZER_NONNULL = YES;
				CLANG_ANALYZER_NUMBER_OBJECT_CONVERSION = YES_AGGRESSIVE;
				CLANG_CXX_LANGUAGE_STANDARD = "compiler-default";
				CLANG_ENABLE_MODULES = YES;
				CLANG_ENABLE_OBJC_ARC = YES;
				CLANG_ENABLE_OBJC_WEAK = YES;
				CLANG_WARN_BLOCK_CAPTURE_AUTORELEASING = YES;
				CLANG_WARN_BOOL_CONVERSION = YES;
				CLANG_WARN_COMMA = YES;
				CLANG_WARN_CONSTANT_CONVERSION = YES;
				CLANG_WARN_DEPRECATED_OBJC_IMPLEMENTATIONS = YES;
				CLANG_WARN_DIRECT_OBJC_ISA_USAGE = YES_ERROR;
				CLANG_WARN_DOCUMENTATION_COMMENTS = YES;
				CLANG_WARN_EMPTY_BODY = YES;
				CLANG_WARN_ENUM_CONVERSION = YES;
				CLANG_WARN_INFINITE_RECURSION = YES;
				CLANG_WARN_INT_CONVERSION = YES;
				CLANG_WARN_NON_LITERAL_NULL_CONVERSION = YES;
				CLANG_WARN_OBJC_IMPLICIT_RETAIN_SELF = YES;
				CLANG_WARN_OBJC_LITERAL_CONVERSION = YES;
				CLANG_WARN_OBJC_ROOT_CLASS = YES_ERROR;
				CLANG_WARN_QUOTED_INCLUDE_IN_FRAMEWORK_HEADER = YES;
				CLANG_WARN_RANGE_LOOP_ANALYSIS = YES;
				CLANG_WARN_STRICT_PROTOTYPES = YES;
				CLANG_WARN_SUSPICIOUS_MOVE = YES;
				CLANG_WARN_UNGUARDED_AVAILABILITY = YES_AGGRESSIVE;
				CLANG_WARN_UNREACHABLE_CODE = YES;
				CLANG_WARN__DUPLICATE_METHOD_MATCH = YES;
				CODE_SIGN_IDENTITY = "";
				CODE_SIGN_STYLE = Automatic;
				COPY_PHASE_STRIP = NO;
				CURRENT_PROJECT_VERSION = 1;
				DEAD_CODE_STRIPPING = YES;
				DEBUG_INFORMATION_FORMAT = "dwarf-with-dsym";
				DEFINES_MODULE = YES;
				DEVELOPMENT_ASSET_PATHS = "";
				DEVELOPMENT_TEAM = L7L29RXQWH;
				DYLIB_COMPATIBILITY_VERSION = 1;
				DYLIB_CURRENT_VERSION = 1;
				DYLIB_INSTALL_NAME_BASE = "@rpath";
				ENABLE_MODULE_VERIFIER = YES;
				ENABLE_NS_ASSERTIONS = NO;
				ENABLE_STRICT_OBJC_MSGSEND = YES;
				ENABLE_TESTABILITY = YES;
				ENABLE_USER_SCRIPT_SANDBOXING = YES;
				GCC_C_LANGUAGE_STANDARD = "compiler-default";
				GCC_NO_COMMON_BLOCKS = YES;
				GCC_WARN_64_TO_32_BIT_CONVERSION = YES;
				GCC_WARN_ABOUT_RETURN_TYPE = YES_ERROR;
				GCC_WARN_UNDECLARED_SELECTOR = YES;
				GCC_WARN_UNINITIALIZED_AUTOS = YES_AGGRESSIVE;
				GCC_WARN_UNUSED_FUNCTION = YES;
				GCC_WARN_UNUSED_VARIABLE = YES;
				GENERATE_INFOPLIST_FILE = YES;
				INFOPLIST_KEY_NSHumanReadableCopyright = "";
				INSTALL_PATH = "$(LOCAL_LIBRARY_DIR)/Frameworks";
				IPHONEOS_DEPLOYMENT_TARGET = 26.0;
				LD_RUNPATH_SEARCH_PATHS = (
					"@executable_path/Frameworks",
					"@loader_path/Frameworks",
				);
				"LD_RUNPATH_SEARCH_PATHS[sdk=macosx*]" = (
					"@executable_path/../Frameworks",
					"@loader_path/Frameworks",
				);
				LOCALIZATION_PREFERS_STRING_CATALOGS = YES;
				MACOSX_DEPLOYMENT_TARGET = 26.0;
				MARKETING_VERSION = 1.0;
				MODULE_VERIFIER_SUPPORTED_LANGUAGES = "objective-c objective-c++";
				MODULE_VERIFIER_SUPPORTED_LANGUAGE_STANDARDS = "gnu17 gnu++20";
				MTL_ENABLE_DEBUG_INFO = NO;
				MTL_FAST_MATH = YES;
				PRODUCT_BUNDLE_IDENTIFIER = "com.apple.Test-DS";
				PRODUCT_NAME = "$(TARGET_NAME:c99extidentifier)";
				SDKROOT = auto;
				SKIP_INSTALL = YES;
				SUPPORTED_PLATFORMS = macosx;
				SUPPORTS_MACCATALYST = NO;
				SWIFT_COMPILATION_MODE = wholemodule;
				SWIFT_EMIT_LOC_STRINGS = YES;
				SWIFT_VERSION = 6.0;
				VERSIONING_SYSTEM = "apple-generic";
				VERSION_INFO_PREFIX = "";
			};
			name = Release;
		};
		FF5207602C89869C00B140AC /* Debug */ = {
			isa = XCBuildConfiguration;
			buildSettings = {
				ALWAYS_SEARCH_USER_PATHS = NO;
				ASSETCATALOG_COMPILER_GENERATE_SWIFT_ASSET_SYMBOL_EXTENSIONS = YES;
				CLANG_ANALYZER_NONNULL = YES;
				CLANG_ANALYZER_NUMBER_OBJECT_CONVERSION = YES_AGGRESSIVE;
				CLANG_CXX_LANGUAGE_STANDARD = "gnu++20";
				CLANG_ENABLE_MODULES = YES;
				CLANG_ENABLE_OBJC_ARC = YES;
				CLANG_ENABLE_OBJC_WEAK = YES;
				CLANG_WARN_BLOCK_CAPTURE_AUTORELEASING = YES;
				CLANG_WARN_BOOL_CONVERSION = YES;
				CLANG_WARN_COMMA = YES;
				CLANG_WARN_CONSTANT_CONVERSION = YES;
				CLANG_WARN_DEPRECATED_OBJC_IMPLEMENTATIONS = YES;
				CLANG_WARN_DIRECT_OBJC_ISA_USAGE = YES_ERROR;
				CLANG_WARN_DOCUMENTATION_COMMENTS = YES;
				CLANG_WARN_EMPTY_BODY = YES;
				CLANG_WARN_ENUM_CONVERSION = YES;
				CLANG_WARN_INFINITE_RECURSION = YES;
				CLANG_WARN_INT_CONVERSION = YES;
				CLANG_WARN_NON_LITERAL_NULL_CONVERSION = YES;
				CLANG_WARN_OBJC_IMPLICIT_RETAIN_SELF = YES;
				CLANG_WARN_OBJC_LITERAL_CONVERSION = YES;
				CLANG_WARN_OBJC_ROOT_CLASS = YES_ERROR;
				CLANG_WARN_QUOTED_INCLUDE_IN_FRAMEWORK_HEADER = YES;
				CLANG_WARN_RANGE_LOOP_ANALYSIS = YES;
				CLANG_WARN_STRICT_PROTOTYPES = YES;
				CLANG_WARN_SUSPICIOUS_MOVE = YES;
				CLANG_WARN_UNGUARDED_AVAILABILITY = YES_AGGRESSIVE;
				CLANG_WARN_UNREACHABLE_CODE = YES;
				CLANG_WARN__DUPLICATE_METHOD_MATCH = YES;
				CODE_SIGN_STYLE = Automatic;
				COPY_PHASE_STRIP = NO;
				CURRENT_PROJECT_VERSION = 1;
				DEAD_CODE_STRIPPING = YES;
				DEBUG_INFORMATION_FORMAT = dwarf;
				DEVELOPMENT_TEAM = L7L29RXQWH;
				ENABLE_STRICT_OBJC_MSGSEND = YES;
				ENABLE_TESTABILITY = YES;
				ENABLE_USER_SCRIPT_SANDBOXING = YES;
				GCC_C_LANGUAGE_STANDARD = gnu17;
				GCC_DYNAMIC_NO_PIC = NO;
				GCC_NO_COMMON_BLOCKS = YES;
				GCC_OPTIMIZATION_LEVEL = 0;
				GCC_PREPROCESSOR_DEFINITIONS = (
					"DEBUG=1",
					"$(inherited)",
				);
				GCC_WARN_64_TO_32_BIT_CONVERSION = YES;
				GCC_WARN_ABOUT_RETURN_TYPE = YES_ERROR;
				GCC_WARN_UNDECLARED_SELECTOR = YES;
				GCC_WARN_UNINITIALIZED_AUTOS = YES_AGGRESSIVE;
				GCC_WARN_UNUSED_FUNCTION = YES;
				GCC_WARN_UNUSED_VARIABLE = YES;
				GENERATE_INFOPLIST_FILE = YES;
				IPHONEOS_DEPLOYMENT_TARGET = 26.0;
				LOCALIZATION_PREFERS_STRING_CATALOGS = YES;
				MACOSX_DEPLOYMENT_TARGET = 26.0;
				MARKETING_VERSION = 1.0;
				MTL_ENABLE_DEBUG_INFO = INCLUDE_SOURCE;
				MTL_FAST_MATH = YES;
				ONLY_ACTIVE_ARCH = YES;
				PRODUCT_BUNDLE_IDENTIFIER = "com.apple.Test-DSTests";
				PRODUCT_NAME = "$(TARGET_NAME)";
				SDKROOT = auto;
				SUPPORTED_PLATFORMS = "iphoneos iphonesimulator macosx";
				SWIFT_ACTIVE_COMPILATION_CONDITIONS = "DEBUG $(inherited)";
				SWIFT_EMIT_LOC_STRINGS = NO;
				SWIFT_OPTIMIZATION_LEVEL = "-Onone";
				SWIFT_VERSION = 6.0;
				TARGETED_DEVICE_FAMILY = "1,2";
			};
			name = Debug;
		};
		FF5207612C89869C00B140AC /* Release */ = {
			isa = XCBuildConfiguration;
			buildSettings = {
				ALWAYS_SEARCH_USER_PATHS = NO;
				ASSETCATALOG_COMPILER_GENERATE_SWIFT_ASSET_SYMBOL_EXTENSIONS = YES;
				CLANG_ANALYZER_NONNULL = YES;
				CLANG_ANALYZER_NUMBER_OBJECT_CONVERSION = YES_AGGRESSIVE;
				CLANG_CXX_LANGUAGE_STANDARD = "gnu++20";
				CLANG_ENABLE_MODULES = YES;
				CLANG_ENABLE_OBJC_ARC = YES;
				CLANG_ENABLE_OBJC_WEAK = YES;
				CLANG_WARN_BLOCK_CAPTURE_AUTORELEASING = YES;
				CLANG_WARN_BOOL_CONVERSION = YES;
				CLANG_WARN_COMMA = YES;
				CLANG_WARN_CONSTANT_CONVERSION = YES;
				CLANG_WARN_DEPRECATED_OBJC_IMPLEMENTATIONS = YES;
				CLANG_WARN_DIRECT_OBJC_ISA_USAGE = YES_ERROR;
				CLANG_WARN_DOCUMENTATION_COMMENTS = YES;
				CLANG_WARN_EMPTY_BODY = YES;
				CLANG_WARN_ENUM_CONVERSION = YES;
				CLANG_WARN_INFINITE_RECURSION = YES;
				CLANG_WARN_INT_CONVERSION = YES;
				CLANG_WARN_NON_LITERAL_NULL_CONVERSION = YES;
				CLANG_WARN_OBJC_IMPLICIT_RETAIN_SELF = YES;
				CLANG_WARN_OBJC_LITERAL_CONVERSION = YES;
				CLANG_WARN_OBJC_ROOT_CLASS = YES_ERROR;
				CLANG_WARN_QUOTED_INCLUDE_IN_FRAMEWORK_HEADER = YES;
				CLANG_WARN_RANGE_LOOP_ANALYSIS = YES;
				CLANG_WARN_STRICT_PROTOTYPES = YES;
				CLANG_WARN_SUSPICIOUS_MOVE = YES;
				CLANG_WARN_UNGUARDED_AVAILABILITY = YES_AGGRESSIVE;
				CLANG_WARN_UNREACHABLE_CODE = YES;
				CLANG_WARN__DUPLICATE_METHOD_MATCH = YES;
				CODE_SIGN_STYLE = Automatic;
				COPY_PHASE_STRIP = NO;
				CURRENT_PROJECT_VERSION = 1;
				DEAD_CODE_STRIPPING = YES;
				DEBUG_INFORMATION_FORMAT = "dwarf-with-dsym";
				DEVELOPMENT_TEAM = L7L29RXQWH;
				ENABLE_NS_ASSERTIONS = NO;
				ENABLE_STRICT_OBJC_MSGSEND = YES;
				ENABLE_USER_SCRIPT_SANDBOXING = YES;
				GCC_C_LANGUAGE_STANDARD = gnu17;
				GCC_NO_COMMON_BLOCKS = YES;
				GCC_WARN_64_TO_32_BIT_CONVERSION = YES;
				GCC_WARN_ABOUT_RETURN_TYPE = YES_ERROR;
				GCC_WARN_UNDECLARED_SELECTOR = YES;
				GCC_WARN_UNINITIALIZED_AUTOS = YES_AGGRESSIVE;
				GCC_WARN_UNUSED_FUNCTION = YES;
				GCC_WARN_UNUSED_VARIABLE = YES;
				GENERATE_INFOPLIST_FILE = YES;
				IPHONEOS_DEPLOYMENT_TARGET = 26.0;
				LOCALIZATION_PREFERS_STRING_CATALOGS = YES;
				MACOSX_DEPLOYMENT_TARGET = 26.0;
				MARKETING_VERSION = 1.0;
				MTL_ENABLE_DEBUG_INFO = NO;
				MTL_FAST_MATH = YES;
				PRODUCT_BUNDLE_IDENTIFIER = "com.apple.Test-DSTests";
				PRODUCT_NAME = "$(TARGET_NAME)";
				SDKROOT = auto;
				SUPPORTED_PLATFORMS = "iphoneos iphonesimulator macosx";
				SWIFT_COMPILATION_MODE = wholemodule;
				SWIFT_EMIT_LOC_STRINGS = NO;
				SWIFT_VERSION = 6.0;
				TARGETED_DEVICE_FAMILY = "1,2";
			};
			name = Release;
		};
/* End XCBuildConfiguration section */

/* Begin XCConfigurationList section */
		FF5207412C89865200B140AC /* Build configuration list for PBXProject "Test-DS" */ = {
			isa = XCConfigurationList;
			buildConfigurations = (
				FF5207422C89865200B140AC /* Debug */,
				FF5207432C89865200B140AC /* Release */,
			);
			defaultConfigurationIsVisible = 0;
			defaultConfigurationName = Release;
		};
		FF52075C2C89869C00B140AC /* Build configuration list for PBXNativeTarget "Test-DS" */ = {
			isa = XCConfigurationList;
			buildConfigurations = (
				FF52075D2C89869C00B140AC /* Debug */,
				FF52075E2C89869C00B140AC /* Release */,
			);
			defaultConfigurationIsVisible = 0;
			defaultConfigurationName = Release;
		};
		FF52075F2C89869C00B140AC /* Build configuration list for PBXNativeTarget "Test-DSTests" */ = {
			isa = XCConfigurationList;
			buildConfigurations = (
				FF5207602C89869C00B140AC /* Debug */,
				FF5207612C89869C00B140AC /* Release */,
			);
			defaultConfigurationIsVisible = 0;
			defaultConfigurationName = Release;
		};
/* End XCConfigurationList section */
	};
	rootObject = FF52073E2C89865200B140AC /* Project object */;
}
